// !$*UTF8*$!
{
	archiveVersion = 1;
	classes = {
	};
	objectVersion = 46;
	objects = {

/* Begin PBXBuildFile section */
		4C06B2CB1D1F50F600363CF9 /* XuniCoreDynamicKit.framework in Frameworks */ = {isa = PBXBuildFile; fileRef = 4C06B2C81D1F50F600363CF9 /* XuniCoreDynamicKit.framework */; };
		4C06B2CC1D1F50F600363CF9 /* XuniCoreDynamicKit.framework in Embed Frameworks */ = {isa = PBXBuildFile; fileRef = 4C06B2C81D1F50F600363CF9 /* XuniCoreDynamicKit.framework */; settings = {ATTRIBUTES = (CodeSignOnCopy, RemoveHeadersOnCopy, ); }; };
		4C06B2CD1D1F50F600363CF9 /* XuniFlexGridDynamicKit.framework in Frameworks */ = {isa = PBXBuildFile; fileRef = 4C06B2C91D1F50F600363CF9 /* XuniFlexGridDynamicKit.framework */; };
		4C06B2CE1D1F50F600363CF9 /* XuniFlexGridDynamicKit.framework in Embed Frameworks */ = {isa = PBXBuildFile; fileRef = 4C06B2C91D1F50F600363CF9 /* XuniFlexGridDynamicKit.framework */; settings = {ATTRIBUTES = (CodeSignOnCopy, RemoveHeadersOnCopy, ); }; };
		4C06B2CF1D1F50F600363CF9 /* XuniGaugeDynamicKit.framework in Frameworks */ = {isa = PBXBuildFile; fileRef = 4C06B2CA1D1F50F600363CF9 /* XuniGaugeDynamicKit.framework */; };
		4C06B2D01D1F50F600363CF9 /* XuniGaugeDynamicKit.framework in Embed Frameworks */ = {isa = PBXBuildFile; fileRef = 4C06B2CA1D1F50F600363CF9 /* XuniGaugeDynamicKit.framework */; settings = {ATTRIBUTES = (CodeSignOnCopy, RemoveHeadersOnCopy, ); }; };
		4C1C57061D26DED3007491EB /* flexgrid_headers.png in Resources */ = {isa = PBXBuildFile; fileRef = 4C1C57051D26DED3007491EB /* flexgrid_headers.png */; };
		4C219E801C91B3240089B6B0 /* filter.png in Resources */ = {isa = PBXBuildFile; fileRef = 4C219E711C91B3240089B6B0 /* filter.png */; };
		4C219E811C91B3240089B6B0 /* flexgrid_columns.png in Resources */ = {isa = PBXBuildFile; fileRef = 4C219E721C91B3240089B6B0 /* flexgrid_columns.png */; };
		4C219E821C91B3240089B6B0 /* flexgrid_custom.png in Resources */ = {isa = PBXBuildFile; fileRef = 4C219E731C91B3240089B6B0 /* flexgrid_custom.png */; };
		4C219E831C91B3240089B6B0 /* flexgrid_filter.png in Resources */ = {isa = PBXBuildFile; fileRef = 4C219E741C91B3240089B6B0 /* flexgrid_filter.png */; };
		4C219E841C91B3240089B6B0 /* flexgrid_freezing.png in Resources */ = {isa = PBXBuildFile; fileRef = 4C219E751C91B3240089B6B0 /* flexgrid_freezing.png */; };
		4C219E851C91B3240089B6B0 /* flexgrid_grouping.png in Resources */ = {isa = PBXBuildFile; fileRef = 4C219E761C91B3240089B6B0 /* flexgrid_grouping.png */; };
		4C219E861C91B3240089B6B0 /* flexgrid_loading.png in Resources */ = {isa = PBXBuildFile; fileRef = 4C219E771C91B3240089B6B0 /* flexgrid_loading.png */; };
		4C219E871C91B3240089B6B0 /* flexgrid_merging.png in Resources */ = {isa = PBXBuildFile; fileRef = 4C219E781C91B3240089B6B0 /* flexgrid_merging.png */; };
		4C219E881C91B3240089B6B0 /* flexgrid_rowdetails.png in Resources */ = {isa = PBXBuildFile; fileRef = 4C219E791C91B3240089B6B0 /* flexgrid_rowdetails.png */; };
		4C219E891C91B3240089B6B0 /* flexgrid_selection.png in Resources */ = {isa = PBXBuildFile; fileRef = 4C219E7A1C91B3240089B6B0 /* flexgrid_selection.png */; };
		4C219E8A1C91B3240089B6B0 /* flexgrid.png in Resources */ = {isa = PBXBuildFile; fileRef = 4C219E7B1C91B3240089B6B0 /* flexgrid.png */; };
		4C219E8B1C91B3240089B6B0 /* hide.png in Resources */ = {isa = PBXBuildFile; fileRef = 4C219E7C1C91B3240089B6B0 /* hide.png */; };
		4C219E8C1C91B3240089B6B0 /* input_form.png in Resources */ = {isa = PBXBuildFile; fileRef = 4C219E7D1C91B3240089B6B0 /* input_form.png */; };
		4C219E8D1C91B3240089B6B0 /* retro_TV_filled-50_light.png in Resources */ = {isa = PBXBuildFile; fileRef = 4C219E7E1C91B3240089B6B0 /* retro_TV_filled-50_light.png */; };
		4C219E8E1C91B3240089B6B0 /* show.png in Resources */ = {isa = PBXBuildFile; fileRef = 4C219E7F1C91B3240089B6B0 /* show.png */; };
		4C219E921C91C3FD0089B6B0 /* RowDetailsViewController.m in Sources */ = {isa = PBXBuildFile; fileRef = 4C219E911C91C3FD0089B6B0 /* RowDetailsViewController.m */; };
		4C219E981C91C90D0089B6B0 /* CustomMergingViewController.m in Sources */ = {isa = PBXBuildFile; fileRef = 4C219E971C91C90D0089B6B0 /* CustomMergingViewController.m */; };
		4C26BAAA1D1305AA00F65D77 /* UnboundSampleViewController.m in Sources */ = {isa = PBXBuildFile; fileRef = 4C26BAA91D1305AA00F65D77 /* UnboundSampleViewController.m */; };
		4C393DCF1D2666BA0053B783 /* XuniCoreDesignTimeStoryboardSupport.m in Sources */ = {isa = PBXBuildFile; fileRef = 4C393DCE1D2666BA0053B783 /* XuniCoreDesignTimeStoryboardSupport.m */; };
		4C393DD21D2667150053B783 /* XuniFlexGridDesignTimeStoryboardSupport.m in Sources */ = {isa = PBXBuildFile; fileRef = 4C393DD01D2667150053B783 /* XuniFlexGridDesignTimeStoryboardSupport.m */; };
		4C393DD31D2667150053B783 /* XuniGaugeDesignTimeStoryboardSupport.m in Sources */ = {isa = PBXBuildFile; fileRef = 4C393DD11D2667150053B783 /* XuniGaugeDesignTimeStoryboardSupport.m */; };
		4C41F60E1BDE854900D3F97A /* OnDemandController.m in Sources */ = {isa = PBXBuildFile; fileRef = 4C41F60D1BDE854900D3F97A /* OnDemandController.m */; };
		4C435CA51BD7AA1E0099A651 /* StarSizingController.m in Sources */ = {isa = PBXBuildFile; fileRef = 4C435CA41BD7AA1D0099A651 /* StarSizingController.m */; };
		4C435CAA1BD7FD930099A651 /* FrozenCellsController.m in Sources */ = {isa = PBXBuildFile; fileRef = 4C435CA91BD7FD930099A651 /* FrozenCellsController.m */; };
		4C435CB11BD8C5F20099A651 /* ConditionalFormattingController.m in Sources */ = {isa = PBXBuildFile; fileRef = 4C435CB01BD8C5F10099A651 /* ConditionalFormattingController.m */; };
		4C435CBC1BD8D92B0099A651 /* EditingFormController.m in Sources */ = {isa = PBXBuildFile; fileRef = 4C435CBB1BD8D92B0099A651 /* EditingFormController.m */; };
		4C58D0581CAC305100A6DF33 /* MapKit.framework in Frameworks */ = {isa = PBXBuildFile; fileRef = 4C58D0571CAC305100A6DF33 /* MapKit.framework */; };
		4C58D05A1CAC324100A6DF33 /* CoreLocation.framework in Frameworks */ = {isa = PBXBuildFile; fileRef = 4C58D0591CAC324100A6DF33 /* CoreLocation.framework */; };
		4C63EDBE1BD94F6E00209E09 /* CustomerObjectEditor.m in Sources */ = {isa = PBXBuildFile; fileRef = 4C63EDBD1BD94F6E00209E09 /* CustomerObjectEditor.m */; };
		4C63EDC11BD95A2700209E09 /* ColumnLayoutController.m in Sources */ = {isa = PBXBuildFile; fileRef = 4C63EDC01BD95A2700209E09 /* ColumnLayoutController.m */; };
		4C63EDC61BDA1AED00209E09 /* ColumnReordererTableViewController.m in Sources */ = {isa = PBXBuildFile; fileRef = 4C63EDC51BDA1AED00209E09 /* ColumnReordererTableViewController.m */; };
		4CA291021C07BD78008EA95D /* Localizable.strings in Resources */ = {isa = PBXBuildFile; fileRef = 4CA291041C07BD78008EA95D /* Localizable.strings */; };
		4CA67B5B1CAFE64700A1EE91 /* YouTubeCollectionView.m in Sources */ = {isa = PBXBuildFile; fileRef = 4CA67B5A1CAFE64700A1EE91 /* YouTubeCollectionView.m */; };
		4CA67B5E1CAFE76700A1EE91 /* SampleData.m in Sources */ = {isa = PBXBuildFile; fileRef = 4CA67B5D1CAFE76700A1EE91 /* SampleData.m */; };
		4CE266B41CB43C6000FD8F3C /* FilterGridViewController.m in Sources */ = {isa = PBXBuildFile; fileRef = 4CE266B31CB43C6000FD8F3C /* FilterGridViewController.m */; };
		F235736B1B44608100F300D7 /* License.m in Sources */ = {isa = PBXBuildFile; fileRef = F235736A1B44608100F300D7 /* License.m */; };
		F23675D31B59503000194040 /* EditConfirmationController.m in Sources */ = {isa = PBXBuildFile; fileRef = F23675D21B59503000194040 /* EditConfirmationController.m */; };
		F2BA19581B288F1600F2B835 /* GettingStartedController.m in Sources */ = {isa = PBXBuildFile; fileRef = F2BA19571B288F1600F2B835 /* GettingStartedController.m */; };
		F2CFF3BF1B7122BB00FE6FDF /* FilterData.m in Sources */ = {isa = PBXBuildFile; fileRef = F2CFF3BE1B7122BB00FE6FDF /* FilterData.m */; };
		F2E2A9F31B27254E00AFEA5D /* main.m in Sources */ = {isa = PBXBuildFile; fileRef = F2E2A9F21B27254E00AFEA5D /* main.m */; };
		F2E2A9F61B27254E00AFEA5D /* AppDelegate.m in Sources */ = {isa = PBXBuildFile; fileRef = F2E2A9F51B27254E00AFEA5D /* AppDelegate.m */; };
		F2E2A9FC1B27254E00AFEA5D /* Main.storyboard in Resources */ = {isa = PBXBuildFile; fileRef = F2E2A9FA1B27254E00AFEA5D /* Main.storyboard */; };
		F2E2A9FE1B27254E00AFEA5D /* Images.xcassets in Resources */ = {isa = PBXBuildFile; fileRef = F2E2A9FD1B27254E00AFEA5D /* Images.xcassets */; };
		F2E2AA011B27254E00AFEA5D /* LaunchScreen.xib in Resources */ = {isa = PBXBuildFile; fileRef = F2E2A9FF1B27254E00AFEA5D /* LaunchScreen.xib */; };
		F2E2AA0D1B27254E00AFEA5D /* FlexGrid101Tests.m in Sources */ = {isa = PBXBuildFile; fileRef = F2E2AA0C1B27254E00AFEA5D /* FlexGrid101Tests.m */; };
		F2E2AA291B27302300AFEA5D /* ColumnDefinitionsController.m in Sources */ = {isa = PBXBuildFile; fileRef = F2E2AA281B27302300AFEA5D /* ColumnDefinitionsController.m */; };
		F2E2AA2C1B27303700AFEA5D /* SelectionModesController.m in Sources */ = {isa = PBXBuildFile; fileRef = F2E2AA2B1B27303700AFEA5D /* SelectionModesController.m */; };
		F2E2AA2F1B27304C00AFEA5D /* CustomCellsController.m in Sources */ = {isa = PBXBuildFile; fileRef = F2E2AA2E1B27304C00AFEA5D /* CustomCellsController.m */; };
		F2E2AA321B27306300AFEA5D /* GroupingController.m in Sources */ = {isa = PBXBuildFile; fileRef = F2E2AA311B27306300AFEA5D /* GroupingController.m */; };
		F2E2AA351B27307300AFEA5D /* FilterController.m in Sources */ = {isa = PBXBuildFile; fileRef = F2E2AA341B27307300AFEA5D /* FilterController.m */; };
		F2E2AA381B27308500AFEA5D /* FullTextFilterController.m in Sources */ = {isa = PBXBuildFile; fileRef = F2E2AA371B27308500AFEA5D /* FullTextFilterController.m */; };
		F2E2AA3E1B2731B700AFEA5D /* CustomerData.m in Sources */ = {isa = PBXBuildFile; fileRef = F2E2AA3D1B2731B700AFEA5D /* CustomerData.m */; };
/* End PBXBuildFile section */

/* Begin PBXContainerItemProxy section */
		F2E2AA071B27254E00AFEA5D /* PBXContainerItemProxy */ = {
			isa = PBXContainerItemProxy;
			containerPortal = F2E2A9E51B27254C00AFEA5D /* Project object */;
			proxyType = 1;
			remoteGlobalIDString = F2E2A9EC1B27254C00AFEA5D;
			remoteInfo = FlexGrid101;
		};
/* End PBXContainerItemProxy section */

/* Begin PBXCopyFilesBuildPhase section */
		4C6165221D18490E0044D30A /* Embed Frameworks */ = {
			isa = PBXCopyFilesBuildPhase;
			buildActionMask = 2147483647;
			dstPath = "";
			dstSubfolderSpec = 10;
			files = (
				4C06B2CE1D1F50F600363CF9 /* XuniFlexGridDynamicKit.framework in Embed Frameworks */,
				4C06B2CC1D1F50F600363CF9 /* XuniCoreDynamicKit.framework in Embed Frameworks */,
				4C06B2D01D1F50F600363CF9 /* XuniGaugeDynamicKit.framework in Embed Frameworks */,
			);
			name = "Embed Frameworks";
			runOnlyForDeploymentPostprocessing = 0;
		};
/* End PBXCopyFilesBuildPhase section */

/* Begin PBXFileReference section */
		4C06B2C81D1F50F600363CF9 /* XuniCoreDynamicKit.framework */ = {isa = PBXFileReference; lastKnownFileType = wrapper.framework; name = XuniCoreDynamicKit.framework; path = ../../../Controls/XuniCoreDynamicKit.framework; sourceTree = "<group>"; };
		4C06B2C91D1F50F600363CF9 /* XuniFlexGridDynamicKit.framework */ = {isa = PBXFileReference; lastKnownFileType = wrapper.framework; name = XuniFlexGridDynamicKit.framework; path = ../../../Controls/XuniFlexGridDynamicKit.framework; sourceTree = "<group>"; };
		4C06B2CA1D1F50F600363CF9 /* XuniGaugeDynamicKit.framework */ = {isa = PBXFileReference; lastKnownFileType = wrapper.framework; name = XuniGaugeDynamicKit.framework; path = ../../../Controls/XuniGaugeDynamicKit.framework; sourceTree = "<group>"; };
		4C1C57051D26DED3007491EB /* flexgrid_headers.png */ = {isa = PBXFileReference; lastKnownFileType = image.png; path = flexgrid_headers.png; sourceTree = "<group>"; };
		4C219E711C91B3240089B6B0 /* filter.png */ = {isa = PBXFileReference; lastKnownFileType = image.png; path = filter.png; sourceTree = "<group>"; };
		4C219E721C91B3240089B6B0 /* flexgrid_columns.png */ = {isa = PBXFileReference; lastKnownFileType = image.png; path = flexgrid_columns.png; sourceTree = "<group>"; };
		4C219E731C91B3240089B6B0 /* flexgrid_custom.png */ = {isa = PBXFileReference; lastKnownFileType = image.png; path = flexgrid_custom.png; sourceTree = "<group>"; };
		4C219E741C91B3240089B6B0 /* flexgrid_filter.png */ = {isa = PBXFileReference; lastKnownFileType = image.png; path = flexgrid_filter.png; sourceTree = "<group>"; };
		4C219E751C91B3240089B6B0 /* flexgrid_freezing.png */ = {isa = PBXFileReference; lastKnownFileType = image.png; path = flexgrid_freezing.png; sourceTree = "<group>"; };
		4C219E761C91B3240089B6B0 /* flexgrid_grouping.png */ = {isa = PBXFileReference; lastKnownFileType = image.png; path = flexgrid_grouping.png; sourceTree = "<group>"; };
		4C219E771C91B3240089B6B0 /* flexgrid_loading.png */ = {isa = PBXFileReference; lastKnownFileType = image.png; path = flexgrid_loading.png; sourceTree = "<group>"; };
		4C219E781C91B3240089B6B0 /* flexgrid_merging.png */ = {isa = PBXFileReference; lastKnownFileType = image.png; path = flexgrid_merging.png; sourceTree = "<group>"; };
		4C219E791C91B3240089B6B0 /* flexgrid_rowdetails.png */ = {isa = PBXFileReference; lastKnownFileType = image.png; path = flexgrid_rowdetails.png; sourceTree = "<group>"; };
		4C219E7A1C91B3240089B6B0 /* flexgrid_selection.png */ = {isa = PBXFileReference; lastKnownFileType = image.png; path = flexgrid_selection.png; sourceTree = "<group>"; };
		4C219E7B1C91B3240089B6B0 /* flexgrid.png */ = {isa = PBXFileReference; lastKnownFileType = image.png; path = flexgrid.png; sourceTree = "<group>"; };
		4C219E7C1C91B3240089B6B0 /* hide.png */ = {isa = PBXFileReference; lastKnownFileType = image.png; path = hide.png; sourceTree = "<group>"; };
		4C219E7D1C91B3240089B6B0 /* input_form.png */ = {isa = PBXFileReference; lastKnownFileType = image.png; path = input_form.png; sourceTree = "<group>"; };
		4C219E7E1C91B3240089B6B0 /* retro_TV_filled-50_light.png */ = {isa = PBXFileReference; lastKnownFileType = image.png; path = "retro_TV_filled-50_light.png"; sourceTree = "<group>"; };
		4C219E7F1C91B3240089B6B0 /* show.png */ = {isa = PBXFileReference; lastKnownFileType = image.png; path = show.png; sourceTree = "<group>"; };
		4C219E901C91C3FD0089B6B0 /* RowDetailsViewController.h */ = {isa = PBXFileReference; fileEncoding = 4; lastKnownFileType = sourcecode.c.h; path = RowDetailsViewController.h; sourceTree = "<group>"; };
		4C219E911C91C3FD0089B6B0 /* RowDetailsViewController.m */ = {isa = PBXFileReference; fileEncoding = 4; lastKnownFileType = sourcecode.c.objc; path = RowDetailsViewController.m; sourceTree = "<group>"; };
		4C219E961C91C90D0089B6B0 /* CustomMergingViewController.h */ = {isa = PBXFileReference; fileEncoding = 4; lastKnownFileType = sourcecode.c.h; path = CustomMergingViewController.h; sourceTree = "<group>"; };
		4C219E971C91C90D0089B6B0 /* CustomMergingViewController.m */ = {isa = PBXFileReference; fileEncoding = 4; lastKnownFileType = sourcecode.c.objc; path = CustomMergingViewController.m; sourceTree = "<group>"; };
		4C26BAA81D1305AA00F65D77 /* UnboundSampleViewController.h */ = {isa = PBXFileReference; fileEncoding = 4; lastKnownFileType = sourcecode.c.h; path = UnboundSampleViewController.h; sourceTree = "<group>"; };
		4C26BAA91D1305AA00F65D77 /* UnboundSampleViewController.m */ = {isa = PBXFileReference; fileEncoding = 4; lastKnownFileType = sourcecode.c.objc; path = UnboundSampleViewController.m; sourceTree = "<group>"; };
		4C393DCE1D2666BA0053B783 /* XuniCoreDesignTimeStoryboardSupport.m */ = {isa = PBXFileReference; fileEncoding = 4; lastKnownFileType = sourcecode.c.objc; name = XuniCoreDesignTimeStoryboardSupport.m; path = ../../../Controls/XuniCoreDesignTimeStoryboardSupport.m; sourceTree = "<group>"; };
		4C393DD01D2667150053B783 /* XuniFlexGridDesignTimeStoryboardSupport.m */ = {isa = PBXFileReference; fileEncoding = 4; lastKnownFileType = sourcecode.c.objc; name = XuniFlexGridDesignTimeStoryboardSupport.m; path = ../../../Controls/XuniFlexGridDesignTimeStoryboardSupport.m; sourceTree = "<group>"; };
		4C393DD11D2667150053B783 /* XuniGaugeDesignTimeStoryboardSupport.m */ = {isa = PBXFileReference; fileEncoding = 4; lastKnownFileType = sourcecode.c.objc; name = XuniGaugeDesignTimeStoryboardSupport.m; path = ../../../Controls/XuniGaugeDesignTimeStoryboardSupport.m; sourceTree = "<group>"; };
		4C41F60C1BDE854900D3F97A /* OnDemandController.h */ = {isa = PBXFileReference; fileEncoding = 4; lastKnownFileType = sourcecode.c.h; path = OnDemandController.h; sourceTree = "<group>"; };
		4C41F60D1BDE854900D3F97A /* OnDemandController.m */ = {isa = PBXFileReference; fileEncoding = 4; lastKnownFileType = sourcecode.c.objc; path = OnDemandController.m; sourceTree = "<group>"; };
		4C435CA31BD7AA1D0099A651 /* StarSizingController.h */ = {isa = PBXFileReference; fileEncoding = 4; lastKnownFileType = sourcecode.c.h; path = StarSizingController.h; sourceTree = "<group>"; };
		4C435CA41BD7AA1D0099A651 /* StarSizingController.m */ = {isa = PBXFileReference; fileEncoding = 4; lastKnownFileType = sourcecode.c.objc; path = StarSizingController.m; sourceTree = "<group>"; };
		4C435CA81BD7FD930099A651 /* FrozenCellsController.h */ = {isa = PBXFileReference; fileEncoding = 4; lastKnownFileType = sourcecode.c.h; path = FrozenCellsController.h; sourceTree = "<group>"; };
		4C435CA91BD7FD930099A651 /* FrozenCellsController.m */ = {isa = PBXFileReference; fileEncoding = 4; lastKnownFileType = sourcecode.c.objc; path = FrozenCellsController.m; sourceTree = "<group>"; };
		4C435CAF1BD8C5F10099A651 /* ConditionalFormattingController.h */ = {isa = PBXFileReference; fileEncoding = 4; lastKnownFileType = sourcecode.c.h; path = ConditionalFormattingController.h; sourceTree = "<group>"; };
		4C435CB01BD8C5F10099A651 /* ConditionalFormattingController.m */ = {isa = PBXFileReference; fileEncoding = 4; lastKnownFileType = sourcecode.c.objc; path = ConditionalFormattingController.m; sourceTree = "<group>"; };
		4C435CBA1BD8D92B0099A651 /* EditingFormController.h */ = {isa = PBXFileReference; fileEncoding = 4; lastKnownFileType = sourcecode.c.h; path = EditingFormController.h; sourceTree = "<group>"; };
		4C435CBB1BD8D92B0099A651 /* EditingFormController.m */ = {isa = PBXFileReference; fileEncoding = 4; lastKnownFileType = sourcecode.c.objc; path = EditingFormController.m; sourceTree = "<group>"; };
		4C58D04B1CA9B8EB00A6DF33 /* ja */ = {isa = PBXFileReference; lastKnownFileType = text.plist.strings; name = ja; path = ja.lproj/Main.strings; sourceTree = "<group>"; };
		4C58D0571CAC305100A6DF33 /* MapKit.framework */ = {isa = PBXFileReference; lastKnownFileType = wrapper.framework; name = MapKit.framework; path = System/Library/Frameworks/MapKit.framework; sourceTree = SDKROOT; };
		4C58D0591CAC324100A6DF33 /* CoreLocation.framework */ = {isa = PBXFileReference; lastKnownFileType = wrapper.framework; name = CoreLocation.framework; path = System/Library/Frameworks/CoreLocation.framework; sourceTree = SDKROOT; };
		4C63EDBC1BD94F6E00209E09 /* CustomerObjectEditor.h */ = {isa = PBXFileReference; fileEncoding = 4; lastKnownFileType = sourcecode.c.h; path = CustomerObjectEditor.h; sourceTree = "<group>"; };
		4C63EDBD1BD94F6E00209E09 /* CustomerObjectEditor.m */ = {isa = PBXFileReference; fileEncoding = 4; lastKnownFileType = sourcecode.c.objc; path = CustomerObjectEditor.m; sourceTree = "<group>"; };
		4C63EDBF1BD95A2700209E09 /* ColumnLayoutController.h */ = {isa = PBXFileReference; fileEncoding = 4; lastKnownFileType = sourcecode.c.h; path = ColumnLayoutController.h; sourceTree = "<group>"; };
		4C63EDC01BD95A2700209E09 /* ColumnLayoutController.m */ = {isa = PBXFileReference; fileEncoding = 4; lastKnownFileType = sourcecode.c.objc; path = ColumnLayoutController.m; sourceTree = "<group>"; };
		4C63EDC41BDA1AED00209E09 /* ColumnReordererTableViewController.h */ = {isa = PBXFileReference; fileEncoding = 4; lastKnownFileType = sourcecode.c.h; path = ColumnReordererTableViewController.h; sourceTree = "<group>"; };
		4C63EDC51BDA1AED00209E09 /* ColumnReordererTableViewController.m */ = {isa = PBXFileReference; fileEncoding = 4; lastKnownFileType = sourcecode.c.objc; path = ColumnReordererTableViewController.m; sourceTree = "<group>"; };
		4CA291011C07BD70008EA95D /* ja */ = {isa = PBXFileReference; lastKnownFileType = text.plist.strings; name = ja; path = ja.lproj/LaunchScreen.strings; sourceTree = "<group>"; };
		4CA291031C07BD78008EA95D /* Base */ = {isa = PBXFileReference; lastKnownFileType = text.plist.strings; name = Base; path = Base.lproj/Localizable.strings; sourceTree = "<group>"; };
		4CA291051C07BD7A008EA95D /* ja */ = {isa = PBXFileReference; lastKnownFileType = text.plist.strings; name = ja; path = ja.lproj/Localizable.strings; sourceTree = "<group>"; };
		4CA67B591CAFE64700A1EE91 /* YouTubeCollectionView.h */ = {isa = PBXFileReference; fileEncoding = 4; lastKnownFileType = sourcecode.c.h; path = YouTubeCollectionView.h; sourceTree = "<group>"; };
		4CA67B5A1CAFE64700A1EE91 /* YouTubeCollectionView.m */ = {isa = PBXFileReference; fileEncoding = 4; lastKnownFileType = sourcecode.c.objc; path = YouTubeCollectionView.m; sourceTree = "<group>"; };
		4CA67B5C1CAFE76700A1EE91 /* SampleData.h */ = {isa = PBXFileReference; fileEncoding = 4; lastKnownFileType = sourcecode.c.h; path = SampleData.h; sourceTree = "<group>"; };
		4CA67B5D1CAFE76700A1EE91 /* SampleData.m */ = {isa = PBXFileReference; fileEncoding = 4; lastKnownFileType = sourcecode.c.objc; path = SampleData.m; sourceTree = "<group>"; };
		4CE266B21CB43C6000FD8F3C /* FilterGridViewController.h */ = {isa = PBXFileReference; fileEncoding = 4; lastKnownFileType = sourcecode.c.h; path = FilterGridViewController.h; sourceTree = "<group>"; };
		4CE266B31CB43C6000FD8F3C /* FilterGridViewController.m */ = {isa = PBXFileReference; fileEncoding = 4; lastKnownFileType = sourcecode.c.objc; path = FilterGridViewController.m; sourceTree = "<group>"; };
		F23573691B44608100F300D7 /* License.h */ = {isa = PBXFileReference; fileEncoding = 4; lastKnownFileType = sourcecode.c.h; path = License.h; sourceTree = "<group>"; };
		F235736A1B44608100F300D7 /* License.m */ = {isa = PBXFileReference; fileEncoding = 4; lastKnownFileType = sourcecode.c.objc; path = License.m; sourceTree = "<group>"; };
		F23675D11B59503000194040 /* EditConfirmationController.h */ = {isa = PBXFileReference; fileEncoding = 4; lastKnownFileType = sourcecode.c.h; path = EditConfirmationController.h; sourceTree = "<group>"; };
		F23675D21B59503000194040 /* EditConfirmationController.m */ = {isa = PBXFileReference; fileEncoding = 4; lastKnownFileType = sourcecode.c.objc; path = EditConfirmationController.m; sourceTree = "<group>"; };
		F2BA19561B288F1600F2B835 /* GettingStartedController.h */ = {isa = PBXFileReference; fileEncoding = 4; lastKnownFileType = sourcecode.c.h; path = GettingStartedController.h; sourceTree = "<group>"; };
		F2BA19571B288F1600F2B835 /* GettingStartedController.m */ = {isa = PBXFileReference; fileEncoding = 4; lastKnownFileType = sourcecode.c.objc; path = GettingStartedController.m; sourceTree = "<group>"; };
		F2CFF3BD1B7122BB00FE6FDF /* FilterData.h */ = {isa = PBXFileReference; fileEncoding = 4; lastKnownFileType = sourcecode.c.h; path = FilterData.h; sourceTree = "<group>"; };
		F2CFF3BE1B7122BB00FE6FDF /* FilterData.m */ = {isa = PBXFileReference; fileEncoding = 4; lastKnownFileType = sourcecode.c.objc; path = FilterData.m; sourceTree = "<group>"; };
		F2E2A9ED1B27254C00AFEA5D /* FlexGrid101.app */ = {isa = PBXFileReference; explicitFileType = wrapper.application; includeInIndex = 0; path = FlexGrid101.app; sourceTree = BUILT_PRODUCTS_DIR; };
		F2E2A9F11B27254E00AFEA5D /* Info.plist */ = {isa = PBXFileReference; lastKnownFileType = text.plist.xml; path = Info.plist; sourceTree = "<group>"; };
		F2E2A9F21B27254E00AFEA5D /* main.m */ = {isa = PBXFileReference; lastKnownFileType = sourcecode.c.objc; path = main.m; sourceTree = "<group>"; };
		F2E2A9F41B27254E00AFEA5D /* AppDelegate.h */ = {isa = PBXFileReference; lastKnownFileType = sourcecode.c.h; path = AppDelegate.h; sourceTree = "<group>"; };
		F2E2A9F51B27254E00AFEA5D /* AppDelegate.m */ = {isa = PBXFileReference; lastKnownFileType = sourcecode.c.objc; path = AppDelegate.m; sourceTree = "<group>"; };
		F2E2A9FB1B27254E00AFEA5D /* Base */ = {isa = PBXFileReference; lastKnownFileType = file.storyboard; name = Base; path = Base.lproj/Main.storyboard; sourceTree = "<group>"; };
		F2E2A9FD1B27254E00AFEA5D /* Images.xcassets */ = {isa = PBXFileReference; lastKnownFileType = folder.assetcatalog; path = Images.xcassets; sourceTree = "<group>"; };
		F2E2AA001B27254E00AFEA5D /* Base */ = {isa = PBXFileReference; lastKnownFileType = file.xib; name = Base; path = Base.lproj/LaunchScreen.xib; sourceTree = "<group>"; };
		F2E2AA061B27254E00AFEA5D /* FlexGrid101Tests.xctest */ = {isa = PBXFileReference; explicitFileType = wrapper.cfbundle; includeInIndex = 0; path = FlexGrid101Tests.xctest; sourceTree = BUILT_PRODUCTS_DIR; };
		F2E2AA0B1B27254E00AFEA5D /* Info.plist */ = {isa = PBXFileReference; lastKnownFileType = text.plist.xml; path = Info.plist; sourceTree = "<group>"; };
		F2E2AA0C1B27254E00AFEA5D /* FlexGrid101Tests.m */ = {isa = PBXFileReference; lastKnownFileType = sourcecode.c.objc; path = FlexGrid101Tests.m; sourceTree = "<group>"; };
		F2E2AA271B27302300AFEA5D /* ColumnDefinitionsController.h */ = {isa = PBXFileReference; fileEncoding = 4; lastKnownFileType = sourcecode.c.h; path = ColumnDefinitionsController.h; sourceTree = "<group>"; };
		F2E2AA281B27302300AFEA5D /* ColumnDefinitionsController.m */ = {isa = PBXFileReference; fileEncoding = 4; lastKnownFileType = sourcecode.c.objc; path = ColumnDefinitionsController.m; sourceTree = "<group>"; };
		F2E2AA2A1B27303700AFEA5D /* SelectionModesController.h */ = {isa = PBXFileReference; fileEncoding = 4; lastKnownFileType = sourcecode.c.h; path = SelectionModesController.h; sourceTree = "<group>"; };
		F2E2AA2B1B27303700AFEA5D /* SelectionModesController.m */ = {isa = PBXFileReference; fileEncoding = 4; lastKnownFileType = sourcecode.c.objc; path = SelectionModesController.m; sourceTree = "<group>"; };
		F2E2AA2D1B27304C00AFEA5D /* CustomCellsController.h */ = {isa = PBXFileReference; fileEncoding = 4; lastKnownFileType = sourcecode.c.h; path = CustomCellsController.h; sourceTree = "<group>"; };
		F2E2AA2E1B27304C00AFEA5D /* CustomCellsController.m */ = {isa = PBXFileReference; fileEncoding = 4; lastKnownFileType = sourcecode.c.objc; path = CustomCellsController.m; sourceTree = "<group>"; };
		F2E2AA301B27306300AFEA5D /* GroupingController.h */ = {isa = PBXFileReference; fileEncoding = 4; lastKnownFileType = sourcecode.c.h; path = GroupingController.h; sourceTree = "<group>"; };
		F2E2AA311B27306300AFEA5D /* GroupingController.m */ = {isa = PBXFileReference; fileEncoding = 4; lastKnownFileType = sourcecode.c.objc; path = GroupingController.m; sourceTree = "<group>"; };
		F2E2AA331B27307300AFEA5D /* FilterController.h */ = {isa = PBXFileReference; fileEncoding = 4; lastKnownFileType = sourcecode.c.h; path = FilterController.h; sourceTree = "<group>"; };
		F2E2AA341B27307300AFEA5D /* FilterController.m */ = {isa = PBXFileReference; fileEncoding = 4; lastKnownFileType = sourcecode.c.objc; path = FilterController.m; sourceTree = "<group>"; };
		F2E2AA361B27308500AFEA5D /* FullTextFilterController.h */ = {isa = PBXFileReference; fileEncoding = 4; lastKnownFileType = sourcecode.c.h; path = FullTextFilterController.h; sourceTree = "<group>"; };
		F2E2AA371B27308500AFEA5D /* FullTextFilterController.m */ = {isa = PBXFileReference; fileEncoding = 4; lastKnownFileType = sourcecode.c.objc; path = FullTextFilterController.m; sourceTree = "<group>"; };
		F2E2AA3C1B2731B700AFEA5D /* CustomerData.h */ = {isa = PBXFileReference; fileEncoding = 4; lastKnownFileType = sourcecode.c.h; path = CustomerData.h; sourceTree = "<group>"; };
		F2E2AA3D1B2731B700AFEA5D /* CustomerData.m */ = {isa = PBXFileReference; fileEncoding = 4; lastKnownFileType = sourcecode.c.objc; path = CustomerData.m; sourceTree = "<group>"; };
/* End PBXFileReference section */

/* Begin PBXFrameworksBuildPhase section */
		F2E2A9EA1B27254C00AFEA5D /* Frameworks */ = {
			isa = PBXFrameworksBuildPhase;
			buildActionMask = 2147483647;
			files = (
				4C06B2CD1D1F50F600363CF9 /* XuniFlexGridDynamicKit.framework in Frameworks */,
				4C58D05A1CAC324100A6DF33 /* CoreLocation.framework in Frameworks */,
				4C06B2CB1D1F50F600363CF9 /* XuniCoreDynamicKit.framework in Frameworks */,
				4C06B2CF1D1F50F600363CF9 /* XuniGaugeDynamicKit.framework in Frameworks */,
				4C58D0581CAC305100A6DF33 /* MapKit.framework in Frameworks */,
			);
			runOnlyForDeploymentPostprocessing = 0;
		};
		F2E2AA031B27254E00AFEA5D /* Frameworks */ = {
			isa = PBXFrameworksBuildPhase;
			buildActionMask = 2147483647;
			files = (
			);
			runOnlyForDeploymentPostprocessing = 0;
		};
/* End PBXFrameworksBuildPhase section */

/* Begin PBXGroup section */
		4C219E701C91B30E0089B6B0 /* Images */ = {
			isa = PBXGroup;
			children = (
				4C1C57051D26DED3007491EB /* flexgrid_headers.png */,
				4C219E711C91B3240089B6B0 /* filter.png */,
				4C219E721C91B3240089B6B0 /* flexgrid_columns.png */,
				4C219E731C91B3240089B6B0 /* flexgrid_custom.png */,
				4C219E741C91B3240089B6B0 /* flexgrid_filter.png */,
				4C219E751C91B3240089B6B0 /* flexgrid_freezing.png */,
				4C219E761C91B3240089B6B0 /* flexgrid_grouping.png */,
				4C219E771C91B3240089B6B0 /* flexgrid_loading.png */,
				4C219E781C91B3240089B6B0 /* flexgrid_merging.png */,
				4C219E791C91B3240089B6B0 /* flexgrid_rowdetails.png */,
				4C219E7A1C91B3240089B6B0 /* flexgrid_selection.png */,
				4C219E7B1C91B3240089B6B0 /* flexgrid.png */,
				4C219E7C1C91B3240089B6B0 /* hide.png */,
				4C219E7D1C91B3240089B6B0 /* input_form.png */,
				4C219E7E1C91B3240089B6B0 /* retro_TV_filled-50_light.png */,
				4C219E7F1C91B3240089B6B0 /* show.png */,
			);
			name = Images;
			sourceTree = "<group>";
		};
		4C219E8F1C91C3ED0089B6B0 /* RowDetails */ = {
			isa = PBXGroup;
			children = (
				4C219E901C91C3FD0089B6B0 /* RowDetailsViewController.h */,
				4C219E911C91C3FD0089B6B0 /* RowDetailsViewController.m */,
			);
			name = RowDetails;
			sourceTree = "<group>";
		};
		4C219E951C91C8FA0089B6B0 /* CustomMerging */ = {
			isa = PBXGroup;
			children = (
				4C219E961C91C90D0089B6B0 /* CustomMergingViewController.h */,
				4C219E971C91C90D0089B6B0 /* CustomMergingViewController.m */,
			);
			name = CustomMerging;
			sourceTree = "<group>";
		};
		4C26BAA71D13058E00F65D77 /* Unbound */ = {
			isa = PBXGroup;
			children = (
				4C26BAA81D1305AA00F65D77 /* UnboundSampleViewController.h */,
				4C26BAA91D1305AA00F65D77 /* UnboundSampleViewController.m */,
			);
			name = Unbound;
			sourceTree = "<group>";
		};
		4C58D0431CA9583200A6DF33 /* ColumnDefinitions */ = {
			isa = PBXGroup;
			children = (
				F2E2AA271B27302300AFEA5D /* ColumnDefinitionsController.h */,
				F2E2AA281B27302300AFEA5D /* ColumnDefinitionsController.m */,
			);
			name = ColumnDefinitions;
			sourceTree = "<group>";
		};
		4C58D0441CA95E2F00A6DF33 /* Data Model */ = {
			isa = PBXGroup;
			children = (
				F2E2AA3C1B2731B700AFEA5D /* CustomerData.h */,
				F2E2AA3D1B2731B700AFEA5D /* CustomerData.m */,
			);
			name = "Data Model";
			sourceTree = "<group>";
		};
		4C58D0451CA95E3A00A6DF33 /* Samples */ = {
			isa = PBXGroup;
			children = (
				4C26BAA71D13058E00F65D77 /* Unbound */,
				4CA67B651CB1CFA700A1EE91 /* Filter */,
				4CA67B641CB1CE9D00A1EE91 /* FullTextFilter */,
				4CA67B631CB1B29800A1EE91 /* Freezing&Merging */,
				4CA67B621CB1B09E00A1EE91 /* Star Sizing */,
				4CA67B611CB1A5A600A1EE91 /* ColumnLayout */,
				4CA67B551CAFE5EB00A1EE91 /* OnDemand */,
				4C58D0561CAAA3FD00A6DF33 /* Grouping */,
				4C58D04D1CAA998100A6DF33 /* CustomCells */,
				4C58D04C1CAA967200A6DF33 /* ConditionalFormatting */,
				4C58D0461CA9639C00A6DF33 /* GettingStarted */,
				4C58D0491CA9B02F00A6DF33 /* EditingForm */,
				4C58D0481CA9AD7200A6DF33 /* EditConfirmation */,
				4C58D0471CA99EB400A6DF33 /* SelectionModes */,
				4C58D0431CA9583200A6DF33 /* ColumnDefinitions */,
				4C219E8F1C91C3ED0089B6B0 /* RowDetails */,
				4C219E951C91C8FA0089B6B0 /* CustomMerging */,
			);
			name = Samples;
			sourceTree = "<group>";
		};
		4C58D0461CA9639C00A6DF33 /* GettingStarted */ = {
			isa = PBXGroup;
			children = (
				F2BA19561B288F1600F2B835 /* GettingStartedController.h */,
				F2BA19571B288F1600F2B835 /* GettingStartedController.m */,
			);
			name = GettingStarted;
			sourceTree = "<group>";
		};
		4C58D0471CA99EB400A6DF33 /* SelectionModes */ = {
			isa = PBXGroup;
			children = (
				F2E2AA2A1B27303700AFEA5D /* SelectionModesController.h */,
				F2E2AA2B1B27303700AFEA5D /* SelectionModesController.m */,
			);
			name = SelectionModes;
			sourceTree = "<group>";
		};
		4C58D0481CA9AD7200A6DF33 /* EditConfirmation */ = {
			isa = PBXGroup;
			children = (
				F23675D11B59503000194040 /* EditConfirmationController.h */,
				F23675D21B59503000194040 /* EditConfirmationController.m */,
			);
			name = EditConfirmation;
			sourceTree = "<group>";
		};
		4C58D0491CA9B02F00A6DF33 /* EditingForm */ = {
			isa = PBXGroup;
			children = (
				4C63EDBC1BD94F6E00209E09 /* CustomerObjectEditor.h */,
				4C63EDBD1BD94F6E00209E09 /* CustomerObjectEditor.m */,
				4C435CBA1BD8D92B0099A651 /* EditingFormController.h */,
				4C435CBB1BD8D92B0099A651 /* EditingFormController.m */,
			);
			name = EditingForm;
			sourceTree = "<group>";
		};
		4C58D04C1CAA967200A6DF33 /* ConditionalFormatting */ = {
			isa = PBXGroup;
			children = (
				4C435CAF1BD8C5F10099A651 /* ConditionalFormattingController.h */,
				4C435CB01BD8C5F10099A651 /* ConditionalFormattingController.m */,
			);
			name = ConditionalFormatting;
			sourceTree = "<group>";
		};
		4C58D04D1CAA998100A6DF33 /* CustomCells */ = {
			isa = PBXGroup;
			children = (
				F2E2AA2D1B27304C00AFEA5D /* CustomCellsController.h */,
				F2E2AA2E1B27304C00AFEA5D /* CustomCellsController.m */,
			);
			name = CustomCells;
			sourceTree = "<group>";
		};
		4C58D0561CAAA3FD00A6DF33 /* Grouping */ = {
			isa = PBXGroup;
			children = (
				F2E2AA301B27306300AFEA5D /* GroupingController.h */,
				F2E2AA311B27306300AFEA5D /* GroupingController.m */,
			);
			name = Grouping;
			sourceTree = "<group>";
		};
		4CA67B551CAFE5EB00A1EE91 /* OnDemand */ = {
			isa = PBXGroup;
			children = (
				4CA67B5C1CAFE76700A1EE91 /* SampleData.h */,
				4CA67B5D1CAFE76700A1EE91 /* SampleData.m */,
				4CA67B591CAFE64700A1EE91 /* YouTubeCollectionView.h */,
				4CA67B5A1CAFE64700A1EE91 /* YouTubeCollectionView.m */,
				4C41F60C1BDE854900D3F97A /* OnDemandController.h */,
				4C41F60D1BDE854900D3F97A /* OnDemandController.m */,
			);
			name = OnDemand;
			sourceTree = "<group>";
		};
		4CA67B611CB1A5A600A1EE91 /* ColumnLayout */ = {
			isa = PBXGroup;
			children = (
				4C63EDC41BDA1AED00209E09 /* ColumnReordererTableViewController.h */,
				4C63EDC51BDA1AED00209E09 /* ColumnReordererTableViewController.m */,
				4C63EDBF1BD95A2700209E09 /* ColumnLayoutController.h */,
				4C63EDC01BD95A2700209E09 /* ColumnLayoutController.m */,
			);
			name = ColumnLayout;
			sourceTree = "<group>";
		};
		4CA67B621CB1B09E00A1EE91 /* Star Sizing */ = {
			isa = PBXGroup;
			children = (
				4C435CA31BD7AA1D0099A651 /* StarSizingController.h */,
				4C435CA41BD7AA1D0099A651 /* StarSizingController.m */,
			);
			name = "Star Sizing";
			sourceTree = "<group>";
		};
		4CA67B631CB1B29800A1EE91 /* Freezing&Merging */ = {
			isa = PBXGroup;
			children = (
				4C435CA81BD7FD930099A651 /* FrozenCellsController.h */,
				4C435CA91BD7FD930099A651 /* FrozenCellsController.m */,
			);
			name = "Freezing&Merging";
			sourceTree = "<group>";
		};
		4CA67B641CB1CE9D00A1EE91 /* FullTextFilter */ = {
			isa = PBXGroup;
			children = (
				F2E2AA361B27308500AFEA5D /* FullTextFilterController.h */,
				F2E2AA371B27308500AFEA5D /* FullTextFilterController.m */,
			);
			name = FullTextFilter;
			sourceTree = "<group>";
		};
		4CA67B651CB1CFA700A1EE91 /* Filter */ = {
			isa = PBXGroup;
			children = (
				F2E2AA331B27307300AFEA5D /* FilterController.h */,
				F2E2AA341B27307300AFEA5D /* FilterController.m */,
				F2CFF3BD1B7122BB00FE6FDF /* FilterData.h */,
				F2CFF3BE1B7122BB00FE6FDF /* FilterData.m */,
				4CE266B21CB43C6000FD8F3C /* FilterGridViewController.h */,
				4CE266B31CB43C6000FD8F3C /* FilterGridViewController.m */,
			);
			name = Filter;
			sourceTree = "<group>";
		};
		F2E2A9E41B27254C00AFEA5D = {
			isa = PBXGroup;
			children = (
				4C393DD01D2667150053B783 /* XuniFlexGridDesignTimeStoryboardSupport.m */,
				4C393DD11D2667150053B783 /* XuniGaugeDesignTimeStoryboardSupport.m */,
				4C393DCE1D2666BA0053B783 /* XuniCoreDesignTimeStoryboardSupport.m */,
				4C06B2C81D1F50F600363CF9 /* XuniCoreDynamicKit.framework */,
				4C06B2C91D1F50F600363CF9 /* XuniFlexGridDynamicKit.framework */,
				4C06B2CA1D1F50F600363CF9 /* XuniGaugeDynamicKit.framework */,
				4C58D0591CAC324100A6DF33 /* CoreLocation.framework */,
				4C58D0571CAC305100A6DF33 /* MapKit.framework */,
				F2E2A9EF1B27254C00AFEA5D /* FlexGrid101 */,
				F2E2AA091B27254E00AFEA5D /* FlexGrid101Tests */,
				F2E2A9EE1B27254C00AFEA5D /* Products */,
			);
			sourceTree = "<group>";
		};
		F2E2A9EE1B27254C00AFEA5D /* Products */ = {
			isa = PBXGroup;
			children = (
				F2E2A9ED1B27254C00AFEA5D /* FlexGrid101.app */,
				F2E2AA061B27254E00AFEA5D /* FlexGrid101Tests.xctest */,
			);
			name = Products;
			sourceTree = "<group>";
		};
		F2E2A9EF1B27254C00AFEA5D /* FlexGrid101 */ = {
			isa = PBXGroup;
			children = (
				4C219E701C91B30E0089B6B0 /* Images */,
				4C58D0441CA95E2F00A6DF33 /* Data Model */,
				4C58D0451CA95E3A00A6DF33 /* Samples */,
				F2E2A9F41B27254E00AFEA5D /* AppDelegate.h */,
				F2E2A9F51B27254E00AFEA5D /* AppDelegate.m */,
				F23573691B44608100F300D7 /* License.h */,
				F235736A1B44608100F300D7 /* License.m */,
				F2E2A9FA1B27254E00AFEA5D /* Main.storyboard */,
				F2E2A9FD1B27254E00AFEA5D /* Images.xcassets */,
				F2E2A9FF1B27254E00AFEA5D /* LaunchScreen.xib */,
				F2E2A9F01B27254E00AFEA5D /* Supporting Files */,
				4CA291041C07BD78008EA95D /* Localizable.strings */,
			);
			path = FlexGrid101;
			sourceTree = "<group>";
		};
		F2E2A9F01B27254E00AFEA5D /* Supporting Files */ = {
			isa = PBXGroup;
			children = (
				F2E2A9F11B27254E00AFEA5D /* Info.plist */,
				F2E2A9F21B27254E00AFEA5D /* main.m */,
			);
			name = "Supporting Files";
			sourceTree = "<group>";
		};
		F2E2AA091B27254E00AFEA5D /* FlexGrid101Tests */ = {
			isa = PBXGroup;
			children = (
				F2E2AA0C1B27254E00AFEA5D /* FlexGrid101Tests.m */,
				F2E2AA0A1B27254E00AFEA5D /* Supporting Files */,
			);
			path = FlexGrid101Tests;
			sourceTree = "<group>";
		};
		F2E2AA0A1B27254E00AFEA5D /* Supporting Files */ = {
			isa = PBXGroup;
			children = (
				F2E2AA0B1B27254E00AFEA5D /* Info.plist */,
			);
			name = "Supporting Files";
			sourceTree = "<group>";
		};
/* End PBXGroup section */

/* Begin PBXNativeTarget section */
		F2E2A9EC1B27254C00AFEA5D /* FlexGrid101 */ = {
			isa = PBXNativeTarget;
			buildConfigurationList = F2E2AA101B27254E00AFEA5D /* Build configuration list for PBXNativeTarget "FlexGrid101" */;
			buildPhases = (
				F2E2A9E91B27254C00AFEA5D /* Sources */,
				F2E2A9EA1B27254C00AFEA5D /* Frameworks */,
				F2E2A9EB1B27254C00AFEA5D /* Resources */,
				4C6165221D18490E0044D30A /* Embed Frameworks */,
			);
			buildRules = (
			);
			dependencies = (
			);
			name = FlexGrid101;
			productName = FlexGrid101;
			productReference = F2E2A9ED1B27254C00AFEA5D /* FlexGrid101.app */;
			productType = "com.apple.product-type.application";
		};
		F2E2AA051B27254E00AFEA5D /* FlexGrid101Tests */ = {
			isa = PBXNativeTarget;
			buildConfigurationList = F2E2AA131B27254E00AFEA5D /* Build configuration list for PBXNativeTarget "FlexGrid101Tests" */;
			buildPhases = (
				F2E2AA021B27254E00AFEA5D /* Sources */,
				F2E2AA031B27254E00AFEA5D /* Frameworks */,
				F2E2AA041B27254E00AFEA5D /* Resources */,
			);
			buildRules = (
			);
			dependencies = (
				F2E2AA081B27254E00AFEA5D /* PBXTargetDependency */,
			);
			name = FlexGrid101Tests;
			productName = FlexGrid101Tests;
			productReference = F2E2AA061B27254E00AFEA5D /* FlexGrid101Tests.xctest */;
			productType = "com.apple.product-type.bundle.unit-test";
		};
/* End PBXNativeTarget section */

/* Begin PBXProject section */
		F2E2A9E51B27254C00AFEA5D /* Project object */ = {
			isa = PBXProject;
			attributes = {
				LastUpgradeCheck = 0630;
				ORGANIZATIONNAME = GrapeCity;
				TargetAttributes = {
					F2E2A9EC1B27254C00AFEA5D = {
						CreatedOnToolsVersion = 6.3.2;
					};
					F2E2AA051B27254E00AFEA5D = {
						CreatedOnToolsVersion = 6.3.2;
						TestTargetID = F2E2A9EC1B27254C00AFEA5D;
					};
				};
			};
			buildConfigurationList = F2E2A9E81B27254C00AFEA5D /* Build configuration list for PBXProject "FlexGrid101" */;
			compatibilityVersion = "Xcode 3.2";
			developmentRegion = English;
			hasScannedForEncodings = 0;
			knownRegions = (
				en,
				Base,
				ja,
			);
			mainGroup = F2E2A9E41B27254C00AFEA5D;
			productRefGroup = F2E2A9EE1B27254C00AFEA5D /* Products */;
			projectDirPath = "";
			projectRoot = "";
			targets = (
				F2E2A9EC1B27254C00AFEA5D /* FlexGrid101 */,
				F2E2AA051B27254E00AFEA5D /* FlexGrid101Tests */,
			);
		};
/* End PBXProject section */

/* Begin PBXResourcesBuildPhase section */
		F2E2A9EB1B27254C00AFEA5D /* Resources */ = {
			isa = PBXResourcesBuildPhase;
			buildActionMask = 2147483647;
			files = (
				4C219E871C91B3240089B6B0 /* flexgrid_merging.png in Resources */,
				4C219E831C91B3240089B6B0 /* flexgrid_filter.png in Resources */,
				4C219E841C91B3240089B6B0 /* flexgrid_freezing.png in Resources */,
				4C219E881C91B3240089B6B0 /* flexgrid_rowdetails.png in Resources */,
				4C219E821C91B3240089B6B0 /* flexgrid_custom.png in Resources */,
				4C219E8B1C91B3240089B6B0 /* hide.png in Resources */,
				4C219E811C91B3240089B6B0 /* flexgrid_columns.png in Resources */,
				F2E2A9FC1B27254E00AFEA5D /* Main.storyboard in Resources */,
				4CA291021C07BD78008EA95D /* Localizable.strings in Resources */,
				4C219E801C91B3240089B6B0 /* filter.png in Resources */,
				4C219E8D1C91B3240089B6B0 /* retro_TV_filled-50_light.png in Resources */,
				4C219E861C91B3240089B6B0 /* flexgrid_loading.png in Resources */,
				4C219E8E1C91B3240089B6B0 /* show.png in Resources */,
				4C219E851C91B3240089B6B0 /* flexgrid_grouping.png in Resources */,
				4C219E8A1C91B3240089B6B0 /* flexgrid.png in Resources */,
				F2E2AA011B27254E00AFEA5D /* LaunchScreen.xib in Resources */,
				F2E2A9FE1B27254E00AFEA5D /* Images.xcassets in Resources */,
				4C219E891C91B3240089B6B0 /* flexgrid_selection.png in Resources */,
				4C219E8C1C91B3240089B6B0 /* input_form.png in Resources */,
				4C1C57061D26DED3007491EB /* flexgrid_headers.png in Resources */,
			);
			runOnlyForDeploymentPostprocessing = 0;
		};
		F2E2AA041B27254E00AFEA5D /* Resources */ = {
			isa = PBXResourcesBuildPhase;
			buildActionMask = 2147483647;
			files = (
			);
			runOnlyForDeploymentPostprocessing = 0;
		};
/* End PBXResourcesBuildPhase section */

/* Begin PBXSourcesBuildPhase section */
		F2E2A9E91B27254C00AFEA5D /* Sources */ = {
			isa = PBXSourcesBuildPhase;
			buildActionMask = 2147483647;
			files = (
				4C41F60E1BDE854900D3F97A /* OnDemandController.m in Sources */,
				F23675D31B59503000194040 /* EditConfirmationController.m in Sources */,
				F2E2AA351B27307300AFEA5D /* FilterController.m in Sources */,
				F2E2AA291B27302300AFEA5D /* ColumnDefinitionsController.m in Sources */,
				4C219E981C91C90D0089B6B0 /* CustomMergingViewController.m in Sources */,
				F2CFF3BF1B7122BB00FE6FDF /* FilterData.m in Sources */,
				4C63EDBE1BD94F6E00209E09 /* CustomerObjectEditor.m in Sources */,
				4CA67B5E1CAFE76700A1EE91 /* SampleData.m in Sources */,
				4C435CA51BD7AA1E0099A651 /* StarSizingController.m in Sources */,
				F2E2A9F61B27254E00AFEA5D /* AppDelegate.m in Sources */,
				4C219E921C91C3FD0089B6B0 /* RowDetailsViewController.m in Sources */,
				F235736B1B44608100F300D7 /* License.m in Sources */,
				F2E2AA3E1B2731B700AFEA5D /* CustomerData.m in Sources */,
				4C393DCF1D2666BA0053B783 /* XuniCoreDesignTimeStoryboardSupport.m in Sources */,
				4C26BAAA1D1305AA00F65D77 /* UnboundSampleViewController.m in Sources */,
				4C435CBC1BD8D92B0099A651 /* EditingFormController.m in Sources */,
				F2E2AA2F1B27304C00AFEA5D /* CustomCellsController.m in Sources */,
				4C63EDC11BD95A2700209E09 /* ColumnLayoutController.m in Sources */,
				4C435CB11BD8C5F20099A651 /* ConditionalFormattingController.m in Sources */,
				4C393DD31D2667150053B783 /* XuniGaugeDesignTimeStoryboardSupport.m in Sources */,
				4C63EDC61BDA1AED00209E09 /* ColumnReordererTableViewController.m in Sources */,
				F2E2A9F31B27254E00AFEA5D /* main.m in Sources */,
				F2E2AA381B27308500AFEA5D /* FullTextFilterController.m in Sources */,
				F2E2AA321B27306300AFEA5D /* GroupingController.m in Sources */,
				4C393DD21D2667150053B783 /* XuniFlexGridDesignTimeStoryboardSupport.m in Sources */,
				F2BA19581B288F1600F2B835 /* GettingStartedController.m in Sources */,
				4CA67B5B1CAFE64700A1EE91 /* YouTubeCollectionView.m in Sources */,
				4CE266B41CB43C6000FD8F3C /* FilterGridViewController.m in Sources */,
				F2E2AA2C1B27303700AFEA5D /* SelectionModesController.m in Sources */,
				4C435CAA1BD7FD930099A651 /* FrozenCellsController.m in Sources */,
			);
			runOnlyForDeploymentPostprocessing = 0;
		};
		F2E2AA021B27254E00AFEA5D /* Sources */ = {
			isa = PBXSourcesBuildPhase;
			buildActionMask = 2147483647;
			files = (
				F2E2AA0D1B27254E00AFEA5D /* FlexGrid101Tests.m in Sources */,
			);
			runOnlyForDeploymentPostprocessing = 0;
		};
/* End PBXSourcesBuildPhase section */

/* Begin PBXTargetDependency section */
		F2E2AA081B27254E00AFEA5D /* PBXTargetDependency */ = {
			isa = PBXTargetDependency;
			target = F2E2A9EC1B27254C00AFEA5D /* FlexGrid101 */;
			targetProxy = F2E2AA071B27254E00AFEA5D /* PBXContainerItemProxy */;
		};
/* End PBXTargetDependency section */

/* Begin PBXVariantGroup section */
		4CA291041C07BD78008EA95D /* Localizable.strings */ = {
			isa = PBXVariantGroup;
			children = (
				4CA291031C07BD78008EA95D /* Base */,
				4CA291051C07BD7A008EA95D /* ja */,
			);
			name = Localizable.strings;
			sourceTree = "<group>";
		};
		F2E2A9FA1B27254E00AFEA5D /* Main.storyboard */ = {
			isa = PBXVariantGroup;
			children = (
				F2E2A9FB1B27254E00AFEA5D /* Base */,
				4C58D04B1CA9B8EB00A6DF33 /* ja */,
			);
			name = Main.storyboard;
			sourceTree = "<group>";
		};
		F2E2A9FF1B27254E00AFEA5D /* LaunchScreen.xib */ = {
			isa = PBXVariantGroup;
			children = (
				F2E2AA001B27254E00AFEA5D /* Base */,
				4CA291011C07BD70008EA95D /* ja */,
			);
			name = LaunchScreen.xib;
			sourceTree = "<group>";
		};
/* End PBXVariantGroup section */

/* Begin XCBuildConfiguration section */
		F2E2AA0E1B27254E00AFEA5D /* Debug */ = {
			isa = XCBuildConfiguration;
			buildSettings = {
				ALWAYS_SEARCH_USER_PATHS = NO;
				CLANG_CXX_LANGUAGE_STANDARD = "gnu++0x";
				CLANG_CXX_LIBRARY = "libc++";
				CLANG_ENABLE_MODULES = YES;
				CLANG_ENABLE_OBJC_ARC = YES;
				CLANG_WARN_BOOL_CONVERSION = YES;
				CLANG_WARN_CONSTANT_CONVERSION = YES;
				CLANG_WARN_DIRECT_OBJC_ISA_USAGE = YES_ERROR;
				CLANG_WARN_EMPTY_BODY = YES;
				CLANG_WARN_ENUM_CONVERSION = YES;
				CLANG_WARN_INT_CONVERSION = YES;
				CLANG_WARN_OBJC_ROOT_CLASS = YES_ERROR;
				CLANG_WARN_UNREACHABLE_CODE = YES;
				CLANG_WARN__DUPLICATE_METHOD_MATCH = YES;
				"CODE_SIGN_IDENTITY[sdk=iphoneos*]" = "iPhone Developer";
				COPY_PHASE_STRIP = NO;
				DEBUG_INFORMATION_FORMAT = "dwarf-with-dsym";
				ENABLE_BITCODE = NO;
				ENABLE_STRICT_OBJC_MSGSEND = YES;
				FRAMEWORK_SEARCH_PATHS = "";
				GCC_C_LANGUAGE_STANDARD = gnu99;
				GCC_DYNAMIC_NO_PIC = NO;
				GCC_NO_COMMON_BLOCKS = YES;
				GCC_OPTIMIZATION_LEVEL = 0;
				GCC_PREPROCESSOR_DEFINITIONS = (
					"DEBUG=1",
					"$(inherited)",
				);
				GCC_SYMBOLS_PRIVATE_EXTERN = NO;
				GCC_WARN_64_TO_32_BIT_CONVERSION = YES;
				GCC_WARN_ABOUT_RETURN_TYPE = YES_ERROR;
				GCC_WARN_UNDECLARED_SELECTOR = YES;
				GCC_WARN_UNINITIALIZED_AUTOS = YES_AGGRESSIVE;
				GCC_WARN_UNUSED_FUNCTION = YES;
				GCC_WARN_UNUSED_VARIABLE = YES;
				IPHONEOS_DEPLOYMENT_TARGET = 8.3;
				MTL_ENABLE_DEBUG_INFO = YES;
				ONLY_ACTIVE_ARCH = YES;
				SDKROOT = iphoneos;
				TARGETED_DEVICE_FAMILY = "1,2";
			};
			name = Debug;
		};
		F2E2AA0F1B27254E00AFEA5D /* Release */ = {
			isa = XCBuildConfiguration;
			buildSettings = {
				ALWAYS_SEARCH_USER_PATHS = NO;
				CLANG_CXX_LANGUAGE_STANDARD = "gnu++0x";
				CLANG_CXX_LIBRARY = "libc++";
				CLANG_ENABLE_MODULES = YES;
				CLANG_ENABLE_OBJC_ARC = YES;
				CLANG_WARN_BOOL_CONVERSION = YES;
				CLANG_WARN_CONSTANT_CONVERSION = YES;
				CLANG_WARN_DIRECT_OBJC_ISA_USAGE = YES_ERROR;
				CLANG_WARN_EMPTY_BODY = YES;
				CLANG_WARN_ENUM_CONVERSION = YES;
				CLANG_WARN_INT_CONVERSION = YES;
				CLANG_WARN_OBJC_ROOT_CLASS = YES_ERROR;
				CLANG_WARN_UNREACHABLE_CODE = YES;
				CLANG_WARN__DUPLICATE_METHOD_MATCH = YES;
				"CODE_SIGN_IDENTITY[sdk=iphoneos*]" = "iPhone Developer";
				COPY_PHASE_STRIP = NO;
				DEBUG_INFORMATION_FORMAT = "dwarf-with-dsym";
				ENABLE_BITCODE = NO;
				ENABLE_NS_ASSERTIONS = NO;
				ENABLE_STRICT_OBJC_MSGSEND = YES;
				FRAMEWORK_SEARCH_PATHS = "";
				GCC_C_LANGUAGE_STANDARD = gnu99;
				GCC_NO_COMMON_BLOCKS = YES;
				GCC_WARN_64_TO_32_BIT_CONVERSION = YES;
				GCC_WARN_ABOUT_RETURN_TYPE = YES_ERROR;
				GCC_WARN_UNDECLARED_SELECTOR = YES;
				GCC_WARN_UNINITIALIZED_AUTOS = YES_AGGRESSIVE;
				GCC_WARN_UNUSED_FUNCTION = YES;
				GCC_WARN_UNUSED_VARIABLE = YES;
				IPHONEOS_DEPLOYMENT_TARGET = 8.3;
				MTL_ENABLE_DEBUG_INFO = NO;
				SDKROOT = iphoneos;
				TARGETED_DEVICE_FAMILY = "1,2";
				VALIDATE_PRODUCT = YES;
			};
			name = Release;
		};
		F2E2AA111B27254E00AFEA5D /* Debug */ = {
			isa = XCBuildConfiguration;
			buildSettings = {
				ASSETCATALOG_COMPILER_APPICON_NAME = AppIcon;
				CODE_SIGN_IDENTITY = "iPhone Developer";
				ENABLE_BITCODE = YES;
				FRAMEWORK_SEARCH_PATHS = ../../../Controls;
				INFOPLIST_FILE = FlexGrid101/Info.plist;
				LD_RUNPATH_SEARCH_PATHS = "$(inherited) @executable_path/Frameworks $(CONFIGURATION_BUILD_DIR)";
				PRODUCT_NAME = "$(TARGET_NAME)";
			};
			name = Debug;
		};
		F2E2AA121B27254E00AFEA5D /* Release */ = {
			isa = XCBuildConfiguration;
			buildSettings = {
				ASSETCATALOG_COMPILER_APPICON_NAME = AppIcon;
				CODE_SIGN_IDENTITY = "iPhone Developer";
				ENABLE_BITCODE = YES;
				FRAMEWORK_SEARCH_PATHS = ../../../Controls;
				INFOPLIST_FILE = FlexGrid101/Info.plist;
				LD_RUNPATH_SEARCH_PATHS = "$(inherited) @executable_path/Frameworks $(CONFIGURATION_BUILD_DIR)";
				PRODUCT_NAME = "$(TARGET_NAME)";
			};
			name = Release;
		};
		F2E2AA141B27254E00AFEA5D /* Debug */ = {
			isa = XCBuildConfiguration;
			buildSettings = {
				BUNDLE_LOADER = "$(TEST_HOST)";
				FRAMEWORK_SEARCH_PATHS = (
					"$(SDKROOT)/Developer/Library/Frameworks",
					"$(inherited)",
				);
				GCC_PREPROCESSOR_DEFINITIONS = (
					"DEBUG=1",
					"$(inherited)",
				);
				INFOPLIST_FILE = FlexGrid101Tests/Info.plist;
				LD_RUNPATH_SEARCH_PATHS = "$(inherited) @executable_path/Frameworks @loader_path/Frameworks";
				PRODUCT_NAME = "$(TARGET_NAME)";
				TEST_HOST = "$(BUILT_PRODUCTS_DIR)/FlexGrid101.app/FlexGrid101";
			};
			name = Debug;
		};
		F2E2AA151B27254E00AFEA5D /* Release */ = {
			isa = XCBuildConfiguration;
			buildSettings = {
				BUNDLE_LOADER = "$(TEST_HOST)";
				FRAMEWORK_SEARCH_PATHS = (
					"$(SDKROOT)/Developer/Library/Frameworks",
					"$(inherited)",
				);
				INFOPLIST_FILE = FlexGrid101Tests/Info.plist;
				LD_RUNPATH_SEARCH_PATHS = "$(inherited) @executable_path/Frameworks @loader_path/Frameworks";
				PRODUCT_NAME = "$(TARGET_NAME)";
				TEST_HOST = "$(BUILT_PRODUCTS_DIR)/FlexGrid101.app/FlexGrid101";
			};
			name = Release;
		};
/* End XCBuildConfiguration section */

/* Begin XCConfigurationList section */
		F2E2A9E81B27254C00AFEA5D /* Build configuration list for PBXProject "FlexGrid101" */ = {
			isa = XCConfigurationList;
			buildConfigurations = (
				F2E2AA0E1B27254E00AFEA5D /* Debug */,
				F2E2AA0F1B27254E00AFEA5D /* Release */,
			);
			defaultConfigurationIsVisible = 0;
			defaultConfigurationName = Release;
		};
		F2E2AA101B27254E00AFEA5D /* Build configuration list for PBXNativeTarget "FlexGrid101" */ = {
			isa = XCConfigurationList;
			buildConfigurations = (
				F2E2AA111B27254E00AFEA5D /* Debug */,
				F2E2AA121B27254E00AFEA5D /* Release */,
			);
			defaultConfigurationIsVisible = 0;
			defaultConfigurationName = Release;
		};
		F2E2AA131B27254E00AFEA5D /* Build configuration list for PBXNativeTarget "FlexGrid101Tests" */ = {
			isa = XCConfigurationList;
			buildConfigurations = (
				F2E2AA141B27254E00AFEA5D /* Debug */,
				F2E2AA151B27254E00AFEA5D /* Release */,
			);
			defaultConfigurationIsVisible = 0;
			defaultConfigurationName = Release;
		};
/* End XCConfigurationList section */
	};
	rootObject = F2E2A9E51B27254C00AFEA5D /* Project object */;
}
