// !$*UTF8*$!
{
	archiveVersion = 1;
	classes = {
	};
	objectVersion = 46;
	objects = {

/* Begin PBXBuildFile section */
		4C4796081D30263700BD39C9 /* XuniGaugeDesignTimeStoryboardSupport.swift in Sources */ = {isa = PBXBuildFile; fileRef = 4C4796071D30263700BD39C9 /* XuniGaugeDesignTimeStoryboardSupport.swift */; };
		4C5FF2B11C49565E008794F4 /* gauge_basic.png in Resources */ = {isa = PBXBuildFile; fileRef = 4C5FF2A31C49565D008794F4 /* gauge_basic.png */; };
		4C5FF2B21C49565E008794F4 /* gauge_bullet.png in Resources */ = {isa = PBXBuildFile; fileRef = 4C5FF2A41C49565E008794F4 /* gauge_bullet.png */; };
		4C5FF2B31C49565E008794F4 /* gauge_linear.png in Resources */ = {isa = PBXBuildFile; fileRef = 4C5FF2A51C49565E008794F4 /* gauge_linear.png */; };
		4C5FF2B41C49565E008794F4 /* gauge_radial.png in Resources */ = {isa = PBXBuildFile; fileRef = 4C5FF2A61C49565E008794F4 /* gauge_radial.png */; };
		4C5FF2B51C49565E008794F4 /* gauge_ranges.png in Resources */ = {isa = PBXBuildFile; fileRef = 4C5FF2A71C49565E008794F4 /* gauge_ranges.png */; };
		4C5FF2B61C49565E008794F4 /* gauge_scaling.png in Resources */ = {isa = PBXBuildFile; fileRef = 4C5FF2A81C49565E008794F4 /* gauge_scaling.png */; };
		4C5FF2B71C49565E008794F4 /* XGAnimationViewController.swift in Sources */ = {isa = PBXBuildFile; fileRef = 4C5FF2A91C49565E008794F4 /* XGAnimationViewController.swift */; };
		4C5FF2B81C49565E008794F4 /* XGAutomaticScalingViewController.swift in Sources */ = {isa = PBXBuildFile; fileRef = 4C5FF2AA1C49565E008794F4 /* XGAutomaticScalingViewController.swift */; };
		4C5FF2B91C49565E008794F4 /* XGBulletGraphViewController.swift in Sources */ = {isa = PBXBuildFile; fileRef = 4C5FF2AB1C49565E008794F4 /* XGBulletGraphViewController.swift */; };
		4C5FF2BA1C49565E008794F4 /* XGDirectionViewController.swift in Sources */ = {isa = PBXBuildFile; fileRef = 4C5FF2AC1C49565E008794F4 /* XGDirectionViewController.swift */; };
		4C5FF2BB1C49565E008794F4 /* XGDisplayingValuesViewController.swift in Sources */ = {isa = PBXBuildFile; fileRef = 4C5FF2AD1C49565E008794F4 /* XGDisplayingValuesViewController.swift */; };
		4C5FF2BC1C49565E008794F4 /* XGExportImageViewController.swift in Sources */ = {isa = PBXBuildFile; fileRef = 4C5FF2AE1C49565E008794F4 /* XGExportImageViewController.swift */; };
		4C5FF2BD1C49565E008794F4 /* XGGettingStartedViewController.swift in Sources */ = {isa = PBXBuildFile; fileRef = 4C5FF2AF1C49565E008794F4 /* XGGettingStartedViewController.swift */; };
		4C5FF2BE1C49565E008794F4 /* XGUsingRangesViewController.swift in Sources */ = {isa = PBXBuildFile; fileRef = 4C5FF2B01C49565E008794F4 /* XGUsingRangesViewController.swift */; };
		4C5FF2C01C4957C0008794F4 /* Main.storyboard in Resources */ = {isa = PBXBuildFile; fileRef = 4C5FF2C21C4957C0008794F4 /* Main.storyboard */; };
		4C5FF2C51C4957C8008794F4 /* LaunchScreen.xib in Resources */ = {isa = PBXBuildFile; fileRef = 4C5FF2C71C4957C8008794F4 /* LaunchScreen.xib */; };
		4C862F731C07717600EA942C /* Localizable.strings in Resources */ = {isa = PBXBuildFile; fileRef = 4C862F751C07717600EA942C /* Localizable.strings */; };
		4CC37CAE1D2A66D000DF85BC /* XuniGaugeDynamicKit.framework in Frameworks */ = {isa = PBXBuildFile; fileRef = 4CC37CAC1D2A66D000DF85BC /* XuniGaugeDynamicKit.framework */; };
		4CC37CAF1D2A66D000DF85BC /* XuniCoreDynamicKit.framework in Frameworks */ = {isa = PBXBuildFile; fileRef = 4CC37CAD1D2A66D000DF85BC /* XuniCoreDynamicKit.framework */; };
		4CC37CB01D2A66D500DF85BC /* XuniGaugeDynamicKit.framework in Frameworks */ = {isa = PBXBuildFile; fileRef = 4CC37CAC1D2A66D000DF85BC /* XuniGaugeDynamicKit.framework */; };
		4CC37CB11D2A66D500DF85BC /* XuniGaugeDynamicKit.framework in Embed Frameworks */ = {isa = PBXBuildFile; fileRef = 4CC37CAC1D2A66D000DF85BC /* XuniGaugeDynamicKit.framework */; settings = {ATTRIBUTES = (CodeSignOnCopy, RemoveHeadersOnCopy, ); }; };
		4CC37CB21D2A66D500DF85BC /* XuniCoreDynamicKit.framework in Frameworks */ = {isa = PBXBuildFile; fileRef = 4CC37CAD1D2A66D000DF85BC /* XuniCoreDynamicKit.framework */; };
		4CC37CB31D2A66D500DF85BC /* XuniCoreDynamicKit.framework in Embed Frameworks */ = {isa = PBXBuildFile; fileRef = 4CC37CAD1D2A66D000DF85BC /* XuniCoreDynamicKit.framework */; settings = {ATTRIBUTES = (CodeSignOnCopy, RemoveHeadersOnCopy, ); }; };
		F23573621B4441F400F300D7 /* License.swift in Sources */ = {isa = PBXBuildFile; fileRef = F23573611B4441F400F300D7 /* License.swift */; };
		F28241B71B39A6DA00B72CBE /* AppDelegate.swift in Sources */ = {isa = PBXBuildFile; fileRef = F28241B61B39A6DA00B72CBE /* AppDelegate.swift */; };
		F28241BE1B39A6DA00B72CBE /* Images.xcassets in Resources */ = {isa = PBXBuildFile; fileRef = F28241BD1B39A6DA00B72CBE /* Images.xcassets */; };
		F28241CD1B39A6DA00B72CBE /* Gauges101Tests.swift in Sources */ = {isa = PBXBuildFile; fileRef = F28241CC1B39A6DA00B72CBE /* Gauges101Tests.swift */; };
/* End PBXBuildFile section */

/* Begin PBXContainerItemProxy section */
		F28241C71B39A6DA00B72CBE /* PBXContainerItemProxy */ = {
			isa = PBXContainerItemProxy;
			containerPortal = F28241A91B39A6DA00B72CBE /* Project object */;
			proxyType = 1;
			remoteGlobalIDString = F28241B01B39A6DA00B72CBE;
			remoteInfo = Gauges101;
		};
/* End PBXContainerItemProxy section */

/* Begin PBXCopyFilesBuildPhase section */
		4CC37CB41D2A66D500DF85BC /* Embed Frameworks */ = {
			isa = PBXCopyFilesBuildPhase;
			buildActionMask = 2147483647;
			dstPath = "";
			dstSubfolderSpec = 10;
			files = (
				4CC37CB31D2A66D500DF85BC /* XuniCoreDynamicKit.framework in Embed Frameworks */,
				4CC37CB11D2A66D500DF85BC /* XuniGaugeDynamicKit.framework in Embed Frameworks */,
			);
			name = "Embed Frameworks";
			runOnlyForDeploymentPostprocessing = 0;
		};
/* End PBXCopyFilesBuildPhase section */

/* Begin PBXFileReference section */
		4C4796071D30263700BD39C9 /* XuniGaugeDesignTimeStoryboardSupport.swift */ = {isa = PBXFileReference; fileEncoding = 4; lastKnownFileType = sourcecode.swift; name = XuniGaugeDesignTimeStoryboardSupport.swift; path = ../../../Controls/XuniGaugeDesignTimeStoryboardSupport.swift; sourceTree = "<group>"; };
		4C5FF2A31C49565D008794F4 /* gauge_basic.png */ = {isa = PBXFileReference; lastKnownFileType = image.png; path = gauge_basic.png; sourceTree = "<group>"; };
		4C5FF2A41C49565E008794F4 /* gauge_bullet.png */ = {isa = PBXFileReference; lastKnownFileType = image.png; path = gauge_bullet.png; sourceTree = "<group>"; };
		4C5FF2A51C49565E008794F4 /* gauge_linear.png */ = {isa = PBXFileReference; lastKnownFileType = image.png; path = gauge_linear.png; sourceTree = "<group>"; };
		4C5FF2A61C49565E008794F4 /* gauge_radial.png */ = {isa = PBXFileReference; lastKnownFileType = image.png; path = gauge_radial.png; sourceTree = "<group>"; };
		4C5FF2A71C49565E008794F4 /* gauge_ranges.png */ = {isa = PBXFileReference; lastKnownFileType = image.png; path = gauge_ranges.png; sourceTree = "<group>"; };
		4C5FF2A81C49565E008794F4 /* gauge_scaling.png */ = {isa = PBXFileReference; lastKnownFileType = image.png; path = gauge_scaling.png; sourceTree = "<group>"; };
		4C5FF2A91C49565E008794F4 /* XGAnimationViewController.swift */ = {isa = PBXFileReference; fileEncoding = 4; lastKnownFileType = sourcecode.swift; path = XGAnimationViewController.swift; sourceTree = "<group>"; };
		4C5FF2AA1C49565E008794F4 /* XGAutomaticScalingViewController.swift */ = {isa = PBXFileReference; fileEncoding = 4; lastKnownFileType = sourcecode.swift; path = XGAutomaticScalingViewController.swift; sourceTree = "<group>"; };
		4C5FF2AB1C49565E008794F4 /* XGBulletGraphViewController.swift */ = {isa = PBXFileReference; fileEncoding = 4; lastKnownFileType = sourcecode.swift; path = XGBulletGraphViewController.swift; sourceTree = "<group>"; };
		4C5FF2AC1C49565E008794F4 /* XGDirectionViewController.swift */ = {isa = PBXFileReference; fileEncoding = 4; lastKnownFileType = sourcecode.swift; path = XGDirectionViewController.swift; sourceTree = "<group>"; };
		4C5FF2AD1C49565E008794F4 /* XGDisplayingValuesViewController.swift */ = {isa = PBXFileReference; fileEncoding = 4; lastKnownFileType = sourcecode.swift; path = XGDisplayingValuesViewController.swift; sourceTree = "<group>"; };
		4C5FF2AE1C49565E008794F4 /* XGExportImageViewController.swift */ = {isa = PBXFileReference; fileEncoding = 4; lastKnownFileType = sourcecode.swift; path = XGExportImageViewController.swift; sourceTree = "<group>"; };
		4C5FF2AF1C49565E008794F4 /* XGGettingStartedViewController.swift */ = {isa = PBXFileReference; fileEncoding = 4; lastKnownFileType = sourcecode.swift; path = XGGettingStartedViewController.swift; sourceTree = "<group>"; };
		4C5FF2B01C49565E008794F4 /* XGUsingRangesViewController.swift */ = {isa = PBXFileReference; fileEncoding = 4; lastKnownFileType = sourcecode.swift; path = XGUsingRangesViewController.swift; sourceTree = "<group>"; };
		4C5FF2C11C4957C0008794F4 /* Base */ = {isa = PBXFileReference; lastKnownFileType = file.storyboard; name = Base; path = Base.lproj/Main.storyboard; sourceTree = "<group>"; };
		4C5FF2C41C4957C2008794F4 /* ja */ = {isa = PBXFileReference; lastKnownFileType = text.plist.strings; name = ja; path = ja.lproj/Main.strings; sourceTree = "<group>"; };
		4C5FF2C61C4957C8008794F4 /* Base */ = {isa = PBXFileReference; lastKnownFileType = file.xib; name = Base; path = Base.lproj/LaunchScreen.xib; sourceTree = "<group>"; };
		4C5FF2C91C4957D3008794F4 /* ja */ = {isa = PBXFileReference; lastKnownFileType = text.plist.strings; name = ja; path = ja.lproj/LaunchScreen.strings; sourceTree = "<group>"; };
		4C862F741C07717600EA942C /* ja */ = {isa = PBXFileReference; lastKnownFileType = text.plist.strings; name = ja; path = ja.lproj/Localizable.strings; sourceTree = "<group>"; };
		4C862F761C07717B00EA942C /* Base */ = {isa = PBXFileReference; lastKnownFileType = text.plist.strings; name = Base; path = Base.lproj/Localizable.strings; sourceTree = "<group>"; };
		4CC37CAC1D2A66D000DF85BC /* XuniGaugeDynamicKit.framework */ = {isa = PBXFileReference; lastKnownFileType = wrapper.framework; name = XuniGaugeDynamicKit.framework; path = ../../../Controls/XuniGaugeDynamicKit.framework; sourceTree = "<group>"; };
		4CC37CAD1D2A66D000DF85BC /* XuniCoreDynamicKit.framework */ = {isa = PBXFileReference; lastKnownFileType = wrapper.framework; name = XuniCoreDynamicKit.framework; path = ../../../Controls/XuniCoreDynamicKit.framework; sourceTree = "<group>"; };
		F23573611B4441F400F300D7 /* License.swift */ = {isa = PBXFileReference; fileEncoding = 4; lastKnownFileType = sourcecode.swift; path = License.swift; sourceTree = "<group>"; };
		F28241B11B39A6DA00B72CBE /* Gauges101.app */ = {isa = PBXFileReference; explicitFileType = wrapper.application; includeInIndex = 0; path = Gauges101.app; sourceTree = BUILT_PRODUCTS_DIR; };
		F28241B51B39A6DA00B72CBE /* Info.plist */ = {isa = PBXFileReference; lastKnownFileType = text.plist.xml; path = Info.plist; sourceTree = "<group>"; };
		F28241B61B39A6DA00B72CBE /* AppDelegate.swift */ = {isa = PBXFileReference; lastKnownFileType = sourcecode.swift; path = AppDelegate.swift; sourceTree = "<group>"; };
		F28241BD1B39A6DA00B72CBE /* Images.xcassets */ = {isa = PBXFileReference; lastKnownFileType = folder.assetcatalog; path = Images.xcassets; sourceTree = "<group>"; };
		F28241C61B39A6DA00B72CBE /* Gauges101Tests.xctest */ = {isa = PBXFileReference; explicitFileType = wrapper.cfbundle; includeInIndex = 0; path = Gauges101Tests.xctest; sourceTree = BUILT_PRODUCTS_DIR; };
		F28241CB1B39A6DA00B72CBE /* Info.plist */ = {isa = PBXFileReference; lastKnownFileType = text.plist.xml; path = Info.plist; sourceTree = "<group>"; };
		F28241CC1B39A6DA00B72CBE /* Gauges101Tests.swift */ = {isa = PBXFileReference; lastKnownFileType = sourcecode.swift; path = Gauges101Tests.swift; sourceTree = "<group>"; };
/* End PBXFileReference section */

/* Begin PBXFrameworksBuildPhase section */
		F28241AE1B39A6DA00B72CBE /* Frameworks */ = {
			isa = PBXFrameworksBuildPhase;
			buildActionMask = 2147483647;
			files = (
				4CC37CAF1D2A66D000DF85BC /* XuniCoreDynamicKit.framework in Frameworks */,
				4CC37CAE1D2A66D000DF85BC /* XuniGaugeDynamicKit.framework in Frameworks */,
				4CC37CB21D2A66D500DF85BC /* XuniCoreDynamicKit.framework in Frameworks */,
				4CC37CB01D2A66D500DF85BC /* XuniGaugeDynamicKit.framework in Frameworks */,
			);
			runOnlyForDeploymentPostprocessing = 0;
		};
		F28241C31B39A6DA00B72CBE /* Frameworks */ = {
			isa = PBXFrameworksBuildPhase;
			buildActionMask = 2147483647;
			files = (
			);
			runOnlyForDeploymentPostprocessing = 0;
		};
/* End PBXFrameworksBuildPhase section */

/* Begin PBXGroup section */
		4C5FF2BF1C495661008794F4 /* Images */ = {
			isa = PBXGroup;
			children = (
				4C5FF2A31C49565D008794F4 /* gauge_basic.png */,
				4C5FF2A41C49565E008794F4 /* gauge_bullet.png */,
				4C5FF2A51C49565E008794F4 /* gauge_linear.png */,
				4C5FF2A61C49565E008794F4 /* gauge_radial.png */,
				4C5FF2A71C49565E008794F4 /* gauge_ranges.png */,
				4C5FF2A81C49565E008794F4 /* gauge_scaling.png */,
			);
			name = Images;
			sourceTree = "<group>";
		};
		F28241A81B39A6DA00B72CBE = {
			isa = PBXGroup;
			children = (
				4C4796071D30263700BD39C9 /* XuniGaugeDesignTimeStoryboardSupport.swift */,
				4CC37CAC1D2A66D000DF85BC /* XuniGaugeDynamicKit.framework */,
				4CC37CAD1D2A66D000DF85BC /* XuniCoreDynamicKit.framework */,
				F28241B31B39A6DA00B72CBE /* Gauges101 */,
				F28241C91B39A6DA00B72CBE /* Gauges101Tests */,
				F28241B21B39A6DA00B72CBE /* Products */,
			);
			sourceTree = "<group>";
		};
		F28241B21B39A6DA00B72CBE /* Products */ = {
			isa = PBXGroup;
			children = (
				F28241B11B39A6DA00B72CBE /* Gauges101.app */,
				F28241C61B39A6DA00B72CBE /* Gauges101Tests.xctest */,
			);
			name = Products;
			sourceTree = "<group>";
		};
		F28241B31B39A6DA00B72CBE /* Gauges101 */ = {
			isa = PBXGroup;
			children = (
				4C5FF2BF1C495661008794F4 /* Images */,
				4C5FF2A91C49565E008794F4 /* XGAnimationViewController.swift */,
				4C5FF2AA1C49565E008794F4 /* XGAutomaticScalingViewController.swift */,
				4C5FF2AB1C49565E008794F4 /* XGBulletGraphViewController.swift */,
				4C5FF2AC1C49565E008794F4 /* XGDirectionViewController.swift */,
				4C5FF2AD1C49565E008794F4 /* XGDisplayingValuesViewController.swift */,
				4C5FF2AE1C49565E008794F4 /* XGExportImageViewController.swift */,
				4C5FF2AF1C49565E008794F4 /* XGGettingStartedViewController.swift */,
				4C5FF2B01C49565E008794F4 /* XGUsingRangesViewController.swift */,
				4C5FF2C71C4957C8008794F4 /* LaunchScreen.xib */,
				4C5FF2C21C4957C0008794F4 /* Main.storyboard */,
				F28241B61B39A6DA00B72CBE /* AppDelegate.swift */,
				F28241BD1B39A6DA00B72CBE /* Images.xcassets */,
				F28241B41B39A6DA00B72CBE /* Supporting Files */,
				F23573611B4441F400F300D7 /* License.swift */,
				4C862F751C07717600EA942C /* Localizable.strings */,
			);
			path = Gauges101;
			sourceTree = "<group>";
		};
		F28241B41B39A6DA00B72CBE /* Supporting Files */ = {
			isa = PBXGroup;
			children = (
				F28241B51B39A6DA00B72CBE /* Info.plist */,
			);
			name = "Supporting Files";
			sourceTree = "<group>";
		};
		F28241C91B39A6DA00B72CBE /* Gauges101Tests */ = {
			isa = PBXGroup;
			children = (
				F28241CC1B39A6DA00B72CBE /* Gauges101Tests.swift */,
				F28241CA1B39A6DA00B72CBE /* Supporting Files */,
			);
			path = Gauges101Tests;
			sourceTree = "<group>";
		};
		F28241CA1B39A6DA00B72CBE /* Supporting Files */ = {
			isa = PBXGroup;
			children = (
				F28241CB1B39A6DA00B72CBE /* Info.plist */,
			);
			name = "Supporting Files";
			sourceTree = "<group>";
		};
/* End PBXGroup section */

/* Begin PBXNativeTarget section */
		F28241B01B39A6DA00B72CBE /* Gauges101 */ = {
			isa = PBXNativeTarget;
			buildConfigurationList = F28241D01B39A6DA00B72CBE /* Build configuration list for PBXNativeTarget "Gauges101" */;
			buildPhases = (
				F28241AD1B39A6DA00B72CBE /* Sources */,
				F28241AE1B39A6DA00B72CBE /* Frameworks */,
				F28241AF1B39A6DA00B72CBE /* Resources */,
				4CC37CB41D2A66D500DF85BC /* Embed Frameworks */,
			);
			buildRules = (
			);
			dependencies = (
			);
			name = Gauges101;
			productName = Gauges101;
			productReference = F28241B11B39A6DA00B72CBE /* Gauges101.app */;
			productType = "com.apple.product-type.application";
		};
		F28241C51B39A6DA00B72CBE /* Gauges101Tests */ = {
			isa = PBXNativeTarget;
			buildConfigurationList = F28241D31B39A6DB00B72CBE /* Build configuration list for PBXNativeTarget "Gauges101Tests" */;
			buildPhases = (
				F28241C21B39A6DA00B72CBE /* Sources */,
				F28241C31B39A6DA00B72CBE /* Frameworks */,
				F28241C41B39A6DA00B72CBE /* Resources */,
			);
			buildRules = (
			);
			dependencies = (
				F28241C81B39A6DA00B72CBE /* PBXTargetDependency */,
			);
			name = Gauges101Tests;
			productName = Gauges101Tests;
			productReference = F28241C61B39A6DA00B72CBE /* Gauges101Tests.xctest */;
			productType = "com.apple.product-type.bundle.unit-test";
		};
/* End PBXNativeTarget section */

/* Begin PBXProject section */
		F28241A91B39A6DA00B72CBE /* Project object */ = {
			isa = PBXProject;
			attributes = {
				LastSwiftUpdateCheck = 0710;
				LastUpgradeCheck = 0630;
				ORGANIZATIONNAME = GrapeCity;
				TargetAttributes = {
					F28241B01B39A6DA00B72CBE = {
						CreatedOnToolsVersion = 6.3.2;
					};
					F28241C51B39A6DA00B72CBE = {
						CreatedOnToolsVersion = 6.3.2;
						TestTargetID = F28241B01B39A6DA00B72CBE;
					};
				};
			};
			buildConfigurationList = F28241AC1B39A6DA00B72CBE /* Build configuration list for PBXProject "Gauges101" */;
			compatibilityVersion = "Xcode 3.2";
			developmentRegion = English;
			hasScannedForEncodings = 0;
			knownRegions = (
				en,
				Base,
				ja,
			);
			mainGroup = F28241A81B39A6DA00B72CBE;
			productRefGroup = F28241B21B39A6DA00B72CBE /* Products */;
			projectDirPath = "";
			projectRoot = "";
			targets = (
				F28241B01B39A6DA00B72CBE /* Gauges101 */,
				F28241C51B39A6DA00B72CBE /* Gauges101Tests */,
			);
		};
/* End PBXProject section */

/* Begin PBXResourcesBuildPhase section */
		F28241AF1B39A6DA00B72CBE /* Resources */ = {
			isa = PBXResourcesBuildPhase;
			buildActionMask = 2147483647;
			files = (
				4C5FF2B41C49565E008794F4 /* gauge_radial.png in Resources */,
				4C5FF2B61C49565E008794F4 /* gauge_scaling.png in Resources */,
				4C5FF2B11C49565E008794F4 /* gauge_basic.png in Resources */,
				4C862F731C07717600EA942C /* Localizable.strings in Resources */,
				4C5FF2B51C49565E008794F4 /* gauge_ranges.png in Resources */,
				4C5FF2C51C4957C8008794F4 /* LaunchScreen.xib in Resources */,
				4C5FF2B21C49565E008794F4 /* gauge_bullet.png in Resources */,
				F28241BE1B39A6DA00B72CBE /* Images.xcassets in Resources */,
				4C5FF2B31C49565E008794F4 /* gauge_linear.png in Resources */,
				4C5FF2C01C4957C0008794F4 /* Main.storyboard in Resources */,
			);
			runOnlyForDeploymentPostprocessing = 0;
		};
		F28241C41B39A6DA00B72CBE /* Resources */ = {
			isa = PBXResourcesBuildPhase;
			buildActionMask = 2147483647;
			files = (
			);
			runOnlyForDeploymentPostprocessing = 0;
		};
/* End PBXResourcesBuildPhase section */

/* Begin PBXSourcesBuildPhase section */
		F28241AD1B39A6DA00B72CBE /* Sources */ = {
			isa = PBXSourcesBuildPhase;
			buildActionMask = 2147483647;
			files = (
				4C5FF2BC1C49565E008794F4 /* XGExportImageViewController.swift in Sources */,
				4C5FF2BB1C49565E008794F4 /* XGDisplayingValuesViewController.swift in Sources */,
				4C5FF2BE1C49565E008794F4 /* XGUsingRangesViewController.swift in Sources */,
				4C5FF2B91C49565E008794F4 /* XGBulletGraphViewController.swift in Sources */,
				4C5FF2B71C49565E008794F4 /* XGAnimationViewController.swift in Sources */,
				4C4796081D30263700BD39C9 /* XuniGaugeDesignTimeStoryboardSupport.swift in Sources */,
				4C5FF2BD1C49565E008794F4 /* XGGettingStartedViewController.swift in Sources */,
				4C5FF2B81C49565E008794F4 /* XGAutomaticScalingViewController.swift in Sources */,
				F28241B71B39A6DA00B72CBE /* AppDelegate.swift in Sources */,
				F23573621B4441F400F300D7 /* License.swift in Sources */,
				4C5FF2BA1C49565E008794F4 /* XGDirectionViewController.swift in Sources */,
			);
			runOnlyForDeploymentPostprocessing = 0;
		};
		F28241C21B39A6DA00B72CBE /* Sources */ = {
			isa = PBXSourcesBuildPhase;
			buildActionMask = 2147483647;
			files = (
				F28241CD1B39A6DA00B72CBE /* Gauges101Tests.swift in Sources */,
			);
			runOnlyForDeploymentPostprocessing = 0;
		};
/* End PBXSourcesBuildPhase section */

/* Begin PBXTargetDependency section */
		F28241C81B39A6DA00B72CBE /* PBXTargetDependency */ = {
			isa = PBXTargetDependency;
			target = F28241B01B39A6DA00B72CBE /* Gauges101 */;
			targetProxy = F28241C71B39A6DA00B72CBE /* PBXContainerItemProxy */;
		};
/* End PBXTargetDependency section */

/* Begin PBXVariantGroup section */
		4C5FF2C21C4957C0008794F4 /* Main.storyboard */ = {
			isa = PBXVariantGroup;
			children = (
				4C5FF2C11C4957C0008794F4 /* Base */,
				4C5FF2C41C4957C2008794F4 /* ja */,
			);
			name = Main.storyboard;
			sourceTree = "<group>";
		};
		4C5FF2C71C4957C8008794F4 /* LaunchScreen.xib */ = {
			isa = PBXVariantGroup;
			children = (
				4C5FF2C61C4957C8008794F4 /* Base */,
				4C5FF2C91C4957D3008794F4 /* ja */,
			);
			name = LaunchScreen.xib;
			sourceTree = "<group>";
		};
		4C862F751C07717600EA942C /* Localizable.strings */ = {
			isa = PBXVariantGroup;
			children = (
				4C862F741C07717600EA942C /* ja */,
				4C862F761C07717B00EA942C /* Base */,
			);
			name = Localizable.strings;
			sourceTree = "<group>";
		};
/* End PBXVariantGroup section */

/* Begin XCBuildConfiguration section */
		F28241CE1B39A6DA00B72CBE /* Debug */ = {
			isa = XCBuildConfiguration;
			buildSettings = {
				ALWAYS_SEARCH_USER_PATHS = NO;
				CLANG_CXX_LANGUAGE_STANDARD = "gnu++0x";
				CLANG_CXX_LIBRARY = "libc++";
				CLANG_ENABLE_MODULES = YES;
				CLANG_ENABLE_OBJC_ARC = YES;
				CLANG_WARN_BOOL_CONVERSION = YES;
				CLANG_WARN_CONSTANT_CONVERSION = YES;
				CLANG_WARN_DIRECT_OBJC_ISA_USAGE = YES_ERROR;
				CLANG_WARN_EMPTY_BODY = YES;
				CLANG_WARN_ENUM_CONVERSION = YES;
				CLANG_WARN_INT_CONVERSION = YES;
				CLANG_WARN_OBJC_ROOT_CLASS = YES_ERROR;
				CLANG_WARN_UNREACHABLE_CODE = YES;
				CLANG_WARN__DUPLICATE_METHOD_MATCH = YES;
				"CODE_SIGN_IDENTITY[sdk=iphoneos*]" = "iPhone Developer";
				COPY_PHASE_STRIP = NO;
				DEBUG_INFORMATION_FORMAT = "dwarf-with-dsym";
				ENABLE_STRICT_OBJC_MSGSEND = YES;
				GCC_C_LANGUAGE_STANDARD = gnu99;
				GCC_DYNAMIC_NO_PIC = NO;
				GCC_NO_COMMON_BLOCKS = YES;
				GCC_OPTIMIZATION_LEVEL = 0;
				GCC_PREPROCESSOR_DEFINITIONS = (
					"DEBUG=1",
					"$(inherited)",
				);
				GCC_SYMBOLS_PRIVATE_EXTERN = NO;
				GCC_WARN_64_TO_32_BIT_CONVERSION = YES;
				GCC_WARN_ABOUT_RETURN_TYPE = YES_ERROR;
				GCC_WARN_UNDECLARED_SELECTOR = YES;
				GCC_WARN_UNINITIALIZED_AUTOS = YES_AGGRESSIVE;
				GCC_WARN_UNUSED_FUNCTION = YES;
				GCC_WARN_UNUSED_VARIABLE = YES;
				IPHONEOS_DEPLOYMENT_TARGET = 8.3;
				MTL_ENABLE_DEBUG_INFO = YES;
				ONLY_ACTIVE_ARCH = YES;
				SDKROOT = iphoneos;
				SWIFT_OPTIMIZATION_LEVEL = "-Onone";
				TARGETED_DEVICE_FAMILY = "1,2";
			};
			name = Debug;
		};
		F28241CF1B39A6DA00B72CBE /* Release */ = {
			isa = XCBuildConfiguration;
			buildSettings = {
				ALWAYS_SEARCH_USER_PATHS = NO;
				CLANG_CXX_LANGUAGE_STANDARD = "gnu++0x";
				CLANG_CXX_LIBRARY = "libc++";
				CLANG_ENABLE_MODULES = YES;
				CLANG_ENABLE_OBJC_ARC = YES;
				CLANG_WARN_BOOL_CONVERSION = YES;
				CLANG_WARN_CONSTANT_CONVERSION = YES;
				CLANG_WARN_DIRECT_OBJC_ISA_USAGE = YES_ERROR;
				CLANG_WARN_EMPTY_BODY = YES;
				CLANG_WARN_ENUM_CONVERSION = YES;
				CLANG_WARN_INT_CONVERSION = YES;
				CLANG_WARN_OBJC_ROOT_CLASS = YES_ERROR;
				CLANG_WARN_UNREACHABLE_CODE = YES;
				CLANG_WARN__DUPLICATE_METHOD_MATCH = YES;
				"CODE_SIGN_IDENTITY[sdk=iphoneos*]" = "iPhone Developer";
				COPY_PHASE_STRIP = NO;
				DEBUG_INFORMATION_FORMAT = "dwarf-with-dsym";
				ENABLE_NS_ASSERTIONS = NO;
				ENABLE_STRICT_OBJC_MSGSEND = YES;
				GCC_C_LANGUAGE_STANDARD = gnu99;
				GCC_NO_COMMON_BLOCKS = YES;
				GCC_WARN_64_TO_32_BIT_CONVERSION = YES;
				GCC_WARN_ABOUT_RETURN_TYPE = YES_ERROR;
				GCC_WARN_UNDECLARED_SELECTOR = YES;
				GCC_WARN_UNINITIALIZED_AUTOS = YES_AGGRESSIVE;
				GCC_WARN_UNUSED_FUNCTION = YES;
				GCC_WARN_UNUSED_VARIABLE = YES;
				IPHONEOS_DEPLOYMENT_TARGET = 8.3;
				MTL_ENABLE_DEBUG_INFO = NO;
				SDKROOT = iphoneos;
				TARGETED_DEVICE_FAMILY = "1,2";
				VALIDATE_PRODUCT = YES;
			};
			name = Release;
		};
		F28241D11B39A6DA00B72CBE /* Debug */ = {
			isa = XCBuildConfiguration;
			buildSettings = {
				ASSETCATALOG_COMPILER_APPICON_NAME = AppIcon;
				ENABLE_BITCODE = NO;
				FRAMEWORK_SEARCH_PATHS = (
					"$(inherited)",
					../../../Controls,
				);
				INFOPLIST_FILE = Gauges101/Info.plist;
				LD_RUNPATH_SEARCH_PATHS = "$(inherited) @executable_path/Frameworks";
				PRODUCT_NAME = "$(TARGET_NAME)";
			};
			name = Debug;
		};
		F28241D21B39A6DA00B72CBE /* Release */ = {
			isa = XCBuildConfiguration;
			buildSettings = {
				ASSETCATALOG_COMPILER_APPICON_NAME = AppIcon;
				ENABLE_BITCODE = NO;
				FRAMEWORK_SEARCH_PATHS = (
					"$(inherited)",
					../../../Controls,
				);
				INFOPLIST_FILE = Gauges101/Info.plist;
				LD_RUNPATH_SEARCH_PATHS = "$(inherited) @executable_path/Frameworks";
				PRODUCT_NAME = "$(TARGET_NAME)";
			};
			name = Release;
		};
		F28241D41B39A6DB00B72CBE /* Debug */ = {
			isa = XCBuildConfiguration;
			buildSettings = {
				BUNDLE_LOADER = "$(TEST_HOST)";
				FRAMEWORK_SEARCH_PATHS = (
					"$(SDKROOT)/Developer/Library/Frameworks",
					"$(inherited)",
				);
				GCC_PREPROCESSOR_DEFINITIONS = (
					"DEBUG=1",
					"$(inherited)",
				);
				INFOPLIST_FILE = Gauges101Tests/Info.plist;
				LD_RUNPATH_SEARCH_PATHS = "$(inherited) @executable_path/Frameworks @loader_path/Frameworks";
				PRODUCT_NAME = "$(TARGET_NAME)";
				TEST_HOST = "$(BUILT_PRODUCTS_DIR)/Gauges101.app/Gauges101";
			};
			name = Debug;
		};
		F28241D51B39A6DB00B72CBE /* Release */ = {
			isa = XCBuildConfiguration;
			buildSettings = {
				BUNDLE_LOADER = "$(TEST_HOST)";
				FRAMEWORK_SEARCH_PATHS = (
					"$(SDKROOT)/Developer/Library/Frameworks",
					"$(inherited)",
				);
				INFOPLIST_FILE = Gauges101Tests/Info.plist;
				LD_RUNPATH_SEARCH_PATHS = "$(inherited) @executable_path/Frameworks @loader_path/Frameworks";
				PRODUCT_NAME = "$(TARGET_NAME)";
				TEST_HOST = "$(BUILT_PRODUCTS_DIR)/Gauges101.app/Gauges101";
			};
			name = Release;
		};
/* End XCBuildConfiguration section */

/* Begin XCConfigurationList section */
		F28241AC1B39A6DA00B72CBE /* Build configuration list for PBXProject "Gauges101" */ = {
			isa = XCConfigurationList;
			buildConfigurations = (
				F28241CE1B39A6DA00B72CBE /* Debug */,
				F28241CF1B39A6DA00B72CBE /* Release */,
			);
			defaultConfigurationIsVisible = 0;
			defaultConfigurationName = Release;
		};
		F28241D01B39A6DA00B72CBE /* Build configuration list for PBXNativeTarget "Gauges101" */ = {
			isa = XCConfigurationList;
			buildConfigurations = (
				F28241D11B39A6DA00B72CBE /* Debug */,
				F28241D21B39A6DA00B72CBE /* Release */,
			);
			defaultConfigurationIsVisible = 0;
			defaultConfigurationName = Release;
		};
		F28241D31B39A6DB00B72CBE /* Build configuration list for PBXNativeTarget "Gauges101Tests" */ = {
			isa = XCConfigurationList;
			buildConfigurations = (
				F28241D41B39A6DB00B72CBE /* Debug */,
				F28241D51B39A6DB00B72CBE /* Release */,
			);
			defaultConfigurationIsVisible = 0;
			defaultConfigurationName = Release;
		};
/* End XCConfigurationList section */
	};
	rootObject = F28241A91B39A6DA00B72CBE /* Project object */;
}
